// !$*UTF8*$!
{
	archiveVersion = 1;
	classes = {
	};
	objectVersion = 56;
	objects = {

/* Begin PBXBuildFile section */
		8948995629B8B6A400D0EE2B /* LongProgessView.swift in Sources */ = {isa = PBXBuildFile; fileRef = 8948995529B8B6A400D0EE2B /* LongProgessView.swift */; };
		8948995829B8C00700D0EE2B /* Pill.swift in Sources */ = {isa = PBXBuildFile; fileRef = 8948995729B8C00700D0EE2B /* Pill.swift */; };
		897A3674298A65AB0020AA80 /* Scrobbler_for_Last_fmApp.swift in Sources */ = {isa = PBXBuildFile; fileRef = 897A3673298A65AB0020AA80 /* Scrobbler_for_Last_fmApp.swift */; };
		897A3676298A65AB0020AA80 /* ContentView.swift in Sources */ = {isa = PBXBuildFile; fileRef = 897A3675298A65AB0020AA80 /* ContentView.swift */; };
		897A3678298A65AB0020AA80 /* Assets.xcassets in Resources */ = {isa = PBXBuildFile; fileRef = 897A3677298A65AB0020AA80 /* Assets.xcassets */; };
		897A367B298A65AB0020AA80 /* Preview Assets.xcassets in Resources */ = {isa = PBXBuildFile; fileRef = 897A367A298A65AB0020AA80 /* Preview Assets.xcassets */; };
		897A3684298A662C0020AA80 /* LastfmAPI.swift in Sources */ = {isa = PBXBuildFile; fileRef = 897A3683298A662C0020AA80 /* LastfmAPI.swift */; };
		897A3687298A66850020AA80 /* Alamofire in Frameworks */ = {isa = PBXBuildFile; productRef = 897A3686298A66850020AA80 /* Alamofire */; };
		897A368C298A69AC0020AA80 /* TopArtistsView.swift in Sources */ = {isa = PBXBuildFile; fileRef = 897A368B298A69AC0020AA80 /* TopArtistsView.swift */; };
		897A368F298A6A7E0020AA80 /* TopArtistsResponse.swift in Sources */ = {isa = PBXBuildFile; fileRef = 897A368E298A6A7E0020AA80 /* TopArtistsResponse.swift */; };
		898A6A3029B78B3F00EC2C12 /* SpotifyAPI in Frameworks */ = {isa = PBXBuildFile; productRef = 898A6A2F29B78B3F00EC2C12 /* SpotifyAPI */; };
		898A6A3229B78BBE00EC2C12 /* Spotify.swift in Sources */ = {isa = PBXBuildFile; fileRef = 898A6A3129B78BBE00EC2C12 /* Spotify.swift */; };
		898A6A3529B78E7400EC2C12 /* SearchAlbumView.swift in Sources */ = {isa = PBXBuildFile; fileRef = 898A6A3429B78E7400EC2C12 /* SearchAlbumView.swift */; };
		898A6A3929B797DA00EC2C12 /* SpotifyAlbumView.swift in Sources */ = {isa = PBXBuildFile; fileRef = 898A6A3829B797DA00EC2C12 /* SpotifyAlbumView.swift */; };
		898A6A3B29B7A6C800EC2C12 /* ScrobblingAPI.swift in Sources */ = {isa = PBXBuildFile; fileRef = 898A6A3A29B7A6C800EC2C12 /* ScrobblingAPI.swift */; };
		898A6A3E29B7E54700EC2C12 /* AlertToast in Frameworks */ = {isa = PBXBuildFile; productRef = 898A6A3D29B7E54700EC2C12 /* AlertToast */; };
		89C837DC298BA637007E3062 /* TopTracksResponse.swift in Sources */ = {isa = PBXBuildFile; fileRef = 89C837DB298BA637007E3062 /* TopTracksResponse.swift */; };
		89C837DE298BABDC007E3062 /* TopTracksView.swift in Sources */ = {isa = PBXBuildFile; fileRef = 89C837DD298BABDC007E3062 /* TopTracksView.swift */; };
		89C837E0298BAC0F007E3062 /* ExternalImage.swift in Sources */ = {isa = PBXBuildFile; fileRef = 89C837DF298BAC0F007E3062 /* ExternalImage.swift */; };
		89C837E2298BB505007E3062 /* RecentTracksView.swift in Sources */ = {isa = PBXBuildFile; fileRef = 89C837E1298BB505007E3062 /* RecentTracksView.swift */; };
		89C837E4298BB5F9007E3062 /* RecentTracksResponse.swift in Sources */ = {isa = PBXBuildFile; fileRef = 89C837E3298BB5F9007E3062 /* RecentTracksResponse.swift */; };
		89C837E7298C21A6007E3062 /* LovedTracksResponse.swift in Sources */ = {isa = PBXBuildFile; fileRef = 89C837E6298C21A6007E3062 /* LovedTracksResponse.swift */; };
		89C837E9298C228D007E3062 /* LovedTracksView.swift in Sources */ = {isa = PBXBuildFile; fileRef = 89C837E8298C228D007E3062 /* LovedTracksView.swift */; };
		89C837EB298C3BA2007E3062 /* AuthController.swift in Sources */ = {isa = PBXBuildFile; fileRef = 89C837EA298C3BA2007E3062 /* AuthController.swift */; };
		89C837EE298C4124007E3062 /* GetTokenResponse.swift in Sources */ = {isa = PBXBuildFile; fileRef = 89C837ED298C4124007E3062 /* GetTokenResponse.swift */; };
		89C837F0298C43AF007E3062 /* GetSessionResponse.swift in Sources */ = {isa = PBXBuildFile; fileRef = 89C837EF298C43AF007E3062 /* GetSessionResponse.swift */; };
		89C837F3298C4882007E3062 /* LoginView.swift in Sources */ = {isa = PBXBuildFile; fileRef = 89C837F2298C4882007E3062 /* LoginView.swift */; };
		89C837F6298D7415007E3062 /* ArtistDetailView.swift in Sources */ = {isa = PBXBuildFile; fileRef = 89C837F5298D7415007E3062 /* ArtistDetailView.swift */; };
		89C837F8298D8FD1007E3062 /* ArtistInfoResponse.swift in Sources */ = {isa = PBXBuildFile; fileRef = 89C837F7298D8FD1007E3062 /* ArtistInfoResponse.swift */; };
		89EBB8D0298B086F00AAFE7A /* Rank.swift in Sources */ = {isa = PBXBuildFile; fileRef = 89EBB8CF298B086F00AAFE7A /* Rank.swift */; };
		89EBB8D2298B09AE00AAFE7A /* TopAlbumsResponse.swift in Sources */ = {isa = PBXBuildFile; fileRef = 89EBB8D1298B09AE00AAFE7A /* TopAlbumsResponse.swift */; };
		89EBB8D4298B09D900AAFE7A /* Shared.swift in Sources */ = {isa = PBXBuildFile; fileRef = 89EBB8D3298B09D900AAFE7A /* Shared.swift */; };
		89EBB8D6298B0AD800AAFE7A /* TopAlbumsView.swift in Sources */ = {isa = PBXBuildFile; fileRef = 89EBB8D5298B0AD800AAFE7A /* TopAlbumsView.swift */; };
/* End PBXBuildFile section */

/* Begin PBXFileReference section */
		8948995529B8B6A400D0EE2B /* LongProgessView.swift */ = {isa = PBXFileReference; lastKnownFileType = sourcecode.swift; path = LongProgessView.swift; sourceTree = "<group>"; };
		8948995729B8C00700D0EE2B /* Pill.swift */ = {isa = PBXFileReference; lastKnownFileType = sourcecode.swift; path = Pill.swift; sourceTree = "<group>"; };
		897A3670298A65AB0020AA80 /* Scrobbler for Last.fm.app */ = {isa = PBXFileReference; explicitFileType = wrapper.application; includeInIndex = 0; path = "Scrobbler for Last.fm.app"; sourceTree = BUILT_PRODUCTS_DIR; };
		897A3673298A65AB0020AA80 /* Scrobbler_for_Last_fmApp.swift */ = {isa = PBXFileReference; lastKnownFileType = sourcecode.swift; path = Scrobbler_for_Last_fmApp.swift; sourceTree = "<group>"; };
		897A3675298A65AB0020AA80 /* ContentView.swift */ = {isa = PBXFileReference; lastKnownFileType = sourcecode.swift; path = ContentView.swift; sourceTree = "<group>"; };
		897A3677298A65AB0020AA80 /* Assets.xcassets */ = {isa = PBXFileReference; lastKnownFileType = folder.assetcatalog; path = Assets.xcassets; sourceTree = "<group>"; };
		897A367A298A65AB0020AA80 /* Preview Assets.xcassets */ = {isa = PBXFileReference; lastKnownFileType = folder.assetcatalog; path = "Preview Assets.xcassets"; sourceTree = "<group>"; };
		897A367C298A65AB0020AA80 /* Scrobbler_for_Last_fm.entitlements */ = {isa = PBXFileReference; lastKnownFileType = text.plist.entitlements; path = Scrobbler_for_Last_fm.entitlements; sourceTree = "<group>"; };
		897A3683298A662C0020AA80 /* LastfmAPI.swift */ = {isa = PBXFileReference; lastKnownFileType = sourcecode.swift; path = LastfmAPI.swift; sourceTree = "<group>"; };
		897A3688298A66FC0020AA80 /* Config.xcconfig */ = {isa = PBXFileReference; lastKnownFileType = text.xcconfig; path = Config.xcconfig; sourceTree = "<group>"; };
		897A3689298A67D50020AA80 /* Scrobbler-for-Last-fm-Info.plist */ = {isa = PBXFileReference; lastKnownFileType = text.plist; path = "Scrobbler-for-Last-fm-Info.plist"; sourceTree = SOURCE_ROOT; };
		897A368B298A69AC0020AA80 /* TopArtistsView.swift */ = {isa = PBXFileReference; lastKnownFileType = sourcecode.swift; path = TopArtistsView.swift; sourceTree = "<group>"; };
		897A368E298A6A7E0020AA80 /* TopArtistsResponse.swift */ = {isa = PBXFileReference; lastKnownFileType = sourcecode.swift; path = TopArtistsResponse.swift; sourceTree = "<group>"; };
		898A6A3129B78BBE00EC2C12 /* Spotify.swift */ = {isa = PBXFileReference; lastKnownFileType = sourcecode.swift; path = Spotify.swift; sourceTree = "<group>"; };
		898A6A3429B78E7400EC2C12 /* SearchAlbumView.swift */ = {isa = PBXFileReference; lastKnownFileType = sourcecode.swift; path = SearchAlbumView.swift; sourceTree = "<group>"; };
		898A6A3829B797DA00EC2C12 /* SpotifyAlbumView.swift */ = {isa = PBXFileReference; lastKnownFileType = sourcecode.swift; path = SpotifyAlbumView.swift; sourceTree = "<group>"; };
		898A6A3A29B7A6C800EC2C12 /* ScrobblingAPI.swift */ = {isa = PBXFileReference; lastKnownFileType = sourcecode.swift; path = ScrobblingAPI.swift; sourceTree = "<group>"; };
		89C837DB298BA637007E3062 /* TopTracksResponse.swift */ = {isa = PBXFileReference; lastKnownFileType = sourcecode.swift; path = TopTracksResponse.swift; sourceTree = "<group>"; };
		89C837DD298BABDC007E3062 /* TopTracksView.swift */ = {isa = PBXFileReference; lastKnownFileType = sourcecode.swift; path = TopTracksView.swift; sourceTree = "<group>"; };
		89C837DF298BAC0F007E3062 /* ExternalImage.swift */ = {isa = PBXFileReference; lastKnownFileType = sourcecode.swift; path = ExternalImage.swift; sourceTree = "<group>"; };
		89C837E1298BB505007E3062 /* RecentTracksView.swift */ = {isa = PBXFileReference; lastKnownFileType = sourcecode.swift; path = RecentTracksView.swift; sourceTree = "<group>"; };
		89C837E3298BB5F9007E3062 /* RecentTracksResponse.swift */ = {isa = PBXFileReference; lastKnownFileType = sourcecode.swift; path = RecentTracksResponse.swift; sourceTree = "<group>"; };
		89C837E6298C21A6007E3062 /* LovedTracksResponse.swift */ = {isa = PBXFileReference; lastKnownFileType = sourcecode.swift; path = LovedTracksResponse.swift; sourceTree = "<group>"; };
		89C837E8298C228D007E3062 /* LovedTracksView.swift */ = {isa = PBXFileReference; lastKnownFileType = sourcecode.swift; path = LovedTracksView.swift; sourceTree = "<group>"; };
		89C837EA298C3BA2007E3062 /* AuthController.swift */ = {isa = PBXFileReference; lastKnownFileType = sourcecode.swift; path = AuthController.swift; sourceTree = "<group>"; };
		89C837ED298C4124007E3062 /* GetTokenResponse.swift */ = {isa = PBXFileReference; lastKnownFileType = sourcecode.swift; path = GetTokenResponse.swift; sourceTree = "<group>"; };
		89C837EF298C43AF007E3062 /* GetSessionResponse.swift */ = {isa = PBXFileReference; lastKnownFileType = sourcecode.swift; path = GetSessionResponse.swift; sourceTree = "<group>"; };
		89C837F2298C4882007E3062 /* LoginView.swift */ = {isa = PBXFileReference; lastKnownFileType = sourcecode.swift; path = LoginView.swift; sourceTree = "<group>"; };
		89C837F5298D7415007E3062 /* ArtistDetailView.swift */ = {isa = PBXFileReference; lastKnownFileType = sourcecode.swift; path = ArtistDetailView.swift; sourceTree = "<group>"; };
		89C837F7298D8FD1007E3062 /* ArtistInfoResponse.swift */ = {isa = PBXFileReference; lastKnownFileType = sourcecode.swift; path = ArtistInfoResponse.swift; sourceTree = "<group>"; };
		89EBB8CF298B086F00AAFE7A /* Rank.swift */ = {isa = PBXFileReference; lastKnownFileType = sourcecode.swift; path = Rank.swift; sourceTree = "<group>"; };
		89EBB8D1298B09AE00AAFE7A /* TopAlbumsResponse.swift */ = {isa = PBXFileReference; lastKnownFileType = sourcecode.swift; path = TopAlbumsResponse.swift; sourceTree = "<group>"; };
		89EBB8D3298B09D900AAFE7A /* Shared.swift */ = {isa = PBXFileReference; lastKnownFileType = sourcecode.swift; path = Shared.swift; sourceTree = "<group>"; };
		89EBB8D5298B0AD800AAFE7A /* TopAlbumsView.swift */ = {isa = PBXFileReference; lastKnownFileType = sourcecode.swift; path = TopAlbumsView.swift; sourceTree = "<group>"; };
/* End PBXFileReference section */

/* Begin PBXFrameworksBuildPhase section */
		897A366D298A65AB0020AA80 /* Frameworks */ = {
			isa = PBXFrameworksBuildPhase;
			buildActionMask = 2147483647;
			files = (
				898A6A3E29B7E54700EC2C12 /* AlertToast in Frameworks */,
				898A6A3029B78B3F00EC2C12 /* SpotifyAPI in Frameworks */,
				897A3687298A66850020AA80 /* Alamofire in Frameworks */,
			);
			runOnlyForDeploymentPostprocessing = 0;
		};
/* End PBXFrameworksBuildPhase section */

/* Begin PBXGroup section */
		897A3667298A65AB0020AA80 = {
			isa = PBXGroup;
			children = (
				897A3672298A65AB0020AA80 /* Scrobbler for Last.fm */,
				897A3671298A65AB0020AA80 /* Products */,
			);
			sourceTree = "<group>";
		};
		897A3671298A65AB0020AA80 /* Products */ = {
			isa = PBXGroup;
			children = (
				897A3670298A65AB0020AA80 /* Scrobbler for Last.fm.app */,
			);
			name = Products;
			sourceTree = "<group>";
		};
		897A3672298A65AB0020AA80 /* Scrobbler for Last.fm */ = {
			isa = PBXGroup;
			children = (
				897A3682298A661E0020AA80 /* API */,
				89EBB8CE298B085700AAFE7A /* Components */,
				897A368A298A69A00020AA80 /* Views */,
				89C837EA298C3BA2007E3062 /* AuthController.swift */,
				898A6A3129B78BBE00EC2C12 /* Spotify.swift */,
				897A3673298A65AB0020AA80 /* Scrobbler_for_Last_fmApp.swift */,
				897A3675298A65AB0020AA80 /* ContentView.swift */,
				897A3677298A65AB0020AA80 /* Assets.xcassets */,
				897A3688298A66FC0020AA80 /* Config.xcconfig */,
				897A3689298A67D50020AA80 /* Scrobbler-for-Last-fm-Info.plist */,
				897A367C298A65AB0020AA80 /* Scrobbler_for_Last_fm.entitlements */,
				897A3679298A65AB0020AA80 /* Preview Content */,
			);
			path = "Scrobbler for Last.fm";
			sourceTree = "<group>";
		};
		897A3679298A65AB0020AA80 /* Preview Content */ = {
			isa = PBXGroup;
			children = (
				897A367A298A65AB0020AA80 /* Preview Assets.xcassets */,
			);
			path = "Preview Content";
			sourceTree = "<group>";
		};
		897A3682298A661E0020AA80 /* API */ = {
			isa = PBXGroup;
			children = (
				897A368D298A6A0A0020AA80 /* Structs */,
				897A3683298A662C0020AA80 /* LastfmAPI.swift */,
				898A6A3A29B7A6C800EC2C12 /* ScrobblingAPI.swift */,
			);
			path = API;
			sourceTree = "<group>";
		};
		897A368A298A69A00020AA80 /* Views */ = {
			isa = PBXGroup;
			children = (
				898A6A3329B78E6600EC2C12 /* Spotify */,
				89C837F1298C487A007E3062 /* Auth */,
				89C837F4298D73F6007E3062 /* Stats */,
				89C837E1298BB505007E3062 /* RecentTracksView.swift */,
				89C837E8298C228D007E3062 /* LovedTracksView.swift */,
				89C837F5298D7415007E3062 /* ArtistDetailView.swift */,
			);
			path = Views;
			sourceTree = "<group>";
		};
		897A368D298A6A0A0020AA80 /* Structs */ = {
			isa = PBXGroup;
			children = (
				89C837EC298C4118007E3062 /* Auth */,
				89C837E5298C2196007E3062 /* Stats */,
				89C837E3298BB5F9007E3062 /* RecentTracksResponse.swift */,
				89C837E6298C21A6007E3062 /* LovedTracksResponse.swift */,
				89C837F7298D8FD1007E3062 /* ArtistInfoResponse.swift */,
				89EBB8D3298B09D900AAFE7A /* Shared.swift */,
			);
			path = Structs;
			sourceTree = "<group>";
		};
		898A6A3329B78E6600EC2C12 /* Spotify */ = {
			isa = PBXGroup;
			children = (
				898A6A3429B78E7400EC2C12 /* SearchAlbumView.swift */,
				898A6A3829B797DA00EC2C12 /* SpotifyAlbumView.swift */,
			);
			path = Spotify;
			sourceTree = "<group>";
		};
		89C837E5298C2196007E3062 /* Stats */ = {
			isa = PBXGroup;
			children = (
				897A368E298A6A7E0020AA80 /* TopArtistsResponse.swift */,
				89EBB8D1298B09AE00AAFE7A /* TopAlbumsResponse.swift */,
				89C837DB298BA637007E3062 /* TopTracksResponse.swift */,
			);
			path = Stats;
			sourceTree = "<group>";
		};
		89C837EC298C4118007E3062 /* Auth */ = {
			isa = PBXGroup;
			children = (
				89C837ED298C4124007E3062 /* GetTokenResponse.swift */,
				89C837EF298C43AF007E3062 /* GetSessionResponse.swift */,
			);
			path = Auth;
			sourceTree = "<group>";
		};
		89C837F1298C487A007E3062 /* Auth */ = {
			isa = PBXGroup;
			children = (
				89C837F2298C4882007E3062 /* LoginView.swift */,
			);
			path = Auth;
			sourceTree = "<group>";
		};
		89C837F4298D73F6007E3062 /* Stats */ = {
			isa = PBXGroup;
			children = (
				897A368B298A69AC0020AA80 /* TopArtistsView.swift */,
				89EBB8D5298B0AD800AAFE7A /* TopAlbumsView.swift */,
				89C837DD298BABDC007E3062 /* TopTracksView.swift */,
			);
			path = Stats;
			sourceTree = "<group>";
		};
		89EBB8CE298B085700AAFE7A /* Components */ = {
			isa = PBXGroup;
			children = (
				89EBB8CF298B086F00AAFE7A /* Rank.swift */,
				89C837DF298BAC0F007E3062 /* ExternalImage.swift */,
				8948995529B8B6A400D0EE2B /* LongProgessView.swift */,
				8948995729B8C00700D0EE2B /* Pill.swift */,
			);
			path = Components;
			sourceTree = "<group>";
		};
/* End PBXGroup section */

/* Begin PBXNativeTarget section */
		897A366F298A65AB0020AA80 /* Scrobbler for Last.fm */ = {
			isa = PBXNativeTarget;
			buildConfigurationList = 897A367F298A65AB0020AA80 /* Build configuration list for PBXNativeTarget "Scrobbler for Last.fm" */;
			buildPhases = (
				897A366C298A65AB0020AA80 /* Sources */,
				897A366D298A65AB0020AA80 /* Frameworks */,
				897A366E298A65AB0020AA80 /* Resources */,
			);
			buildRules = (
			);
			dependencies = (
			);
			name = "Scrobbler for Last.fm";
			packageProductDependencies = (
				897A3686298A66850020AA80 /* Alamofire */,
				898A6A2F29B78B3F00EC2C12 /* SpotifyAPI */,
				898A6A3D29B7E54700EC2C12 /* AlertToast */,
			);
			productName = "Scrobbler for Last.fm";
			productReference = 897A3670298A65AB0020AA80 /* Scrobbler for Last.fm.app */;
			productType = "com.apple.product-type.application";
		};
/* End PBXNativeTarget section */

/* Begin PBXProject section */
		897A3668298A65AB0020AA80 /* Project object */ = {
			isa = PBXProject;
			attributes = {
				BuildIndependentTargetsInParallel = 1;
				LastSwiftUpdateCheck = 1420;
				LastUpgradeCheck = 1420;
				TargetAttributes = {
					897A366F298A65AB0020AA80 = {
						CreatedOnToolsVersion = 14.2;
					};
				};
			};
			buildConfigurationList = 897A366B298A65AB0020AA80 /* Build configuration list for PBXProject "Scrobbler for Last.fm" */;
			compatibilityVersion = "Xcode 14.0";
			developmentRegion = en;
			hasScannedForEncodings = 0;
			knownRegions = (
				en,
				Base,
			);
			mainGroup = 897A3667298A65AB0020AA80;
			packageReferences = (
				897A3685298A66850020AA80 /* XCRemoteSwiftPackageReference "Alamofire" */,
				898A6A2E29B78B3E00EC2C12 /* XCRemoteSwiftPackageReference "SpotifyAPI" */,
				898A6A3C29B7E54600EC2C12 /* XCRemoteSwiftPackageReference "AlertToast" */,
			);
			productRefGroup = 897A3671298A65AB0020AA80 /* Products */;
			projectDirPath = "";
			projectRoot = "";
			targets = (
				897A366F298A65AB0020AA80 /* Scrobbler for Last.fm */,
			);
		};
/* End PBXProject section */

/* Begin PBXResourcesBuildPhase section */
		897A366E298A65AB0020AA80 /* Resources */ = {
			isa = PBXResourcesBuildPhase;
			buildActionMask = 2147483647;
			files = (
				897A367B298A65AB0020AA80 /* Preview Assets.xcassets in Resources */,
				897A3678298A65AB0020AA80 /* Assets.xcassets in Resources */,
			);
			runOnlyForDeploymentPostprocessing = 0;
		};
/* End PBXResourcesBuildPhase section */

/* Begin PBXSourcesBuildPhase section */
		897A366C298A65AB0020AA80 /* Sources */ = {
			isa = PBXSourcesBuildPhase;
			buildActionMask = 2147483647;
			files = (
				89C837DC298BA637007E3062 /* TopTracksResponse.swift in Sources */,
				89C837F8298D8FD1007E3062 /* ArtistInfoResponse.swift in Sources */,
				89C837E4298BB5F9007E3062 /* RecentTracksResponse.swift in Sources */,
				89C837EE298C4124007E3062 /* GetTokenResponse.swift in Sources */,
				89C837E7298C21A6007E3062 /* LovedTracksResponse.swift in Sources */,
				89C837E2298BB505007E3062 /* RecentTracksView.swift in Sources */,
				897A3684298A662C0020AA80 /* LastfmAPI.swift in Sources */,
				89EBB8D6298B0AD800AAFE7A /* TopAlbumsView.swift in Sources */,
				89C837F0298C43AF007E3062 /* GetSessionResponse.swift in Sources */,
				897A3676298A65AB0020AA80 /* ContentView.swift in Sources */,
				89C837E0298BAC0F007E3062 /* ExternalImage.swift in Sources */,
				897A3674298A65AB0020AA80 /* Scrobbler_for_Last_fmApp.swift in Sources */,
				8948995629B8B6A400D0EE2B /* LongProgessView.swift in Sources */,
				89EBB8D0298B086F00AAFE7A /* Rank.swift in Sources */,
				898A6A3229B78BBE00EC2C12 /* Spotify.swift in Sources */,
				897A368C298A69AC0020AA80 /* TopArtistsView.swift in Sources */,
				89C837DE298BABDC007E3062 /* TopTracksView.swift in Sources */,
				89EBB8D2298B09AE00AAFE7A /* TopAlbumsResponse.swift in Sources */,
				898A6A3B29B7A6C800EC2C12 /* ScrobblingAPI.swift in Sources */,
				89C837F6298D7415007E3062 /* ArtistDetailView.swift in Sources */,
				898A6A3529B78E7400EC2C12 /* SearchAlbumView.swift in Sources */,
				89C837EB298C3BA2007E3062 /* AuthController.swift in Sources */,
				89C837E9298C228D007E3062 /* LovedTracksView.swift in Sources */,
				89EBB8D4298B09D900AAFE7A /* Shared.swift in Sources */,
				898A6A3929B797DA00EC2C12 /* SpotifyAlbumView.swift in Sources */,
				89C837F3298C4882007E3062 /* LoginView.swift in Sources */,
				8948995829B8C00700D0EE2B /* Pill.swift in Sources */,
				897A368F298A6A7E0020AA80 /* TopArtistsResponse.swift in Sources */,
			);
			runOnlyForDeploymentPostprocessing = 0;
		};
/* End PBXSourcesBuildPhase section */

/* Begin XCBuildConfiguration section */
		897A367D298A65AB0020AA80 /* Debug */ = {
			isa = XCBuildConfiguration;
			baseConfigurationReference = 897A3688298A66FC0020AA80 /* Config.xcconfig */;
			buildSettings = {
				ALWAYS_SEARCH_USER_PATHS = NO;
				CLANG_ANALYZER_NONNULL = YES;
				CLANG_ANALYZER_NUMBER_OBJECT_CONVERSION = YES_AGGRESSIVE;
				CLANG_CXX_LANGUAGE_STANDARD = "gnu++20";
				CLANG_ENABLE_MODULES = YES;
				CLANG_ENABLE_OBJC_ARC = YES;
				CLANG_ENABLE_OBJC_WEAK = YES;
				CLANG_WARN_BLOCK_CAPTURE_AUTORELEASING = YES;
				CLANG_WARN_BOOL_CONVERSION = YES;
				CLANG_WARN_COMMA = YES;
				CLANG_WARN_CONSTANT_CONVERSION = YES;
				CLANG_WARN_DEPRECATED_OBJC_IMPLEMENTATIONS = YES;
				CLANG_WARN_DIRECT_OBJC_ISA_USAGE = YES_ERROR;
				CLANG_WARN_DOCUMENTATION_COMMENTS = YES;
				CLANG_WARN_EMPTY_BODY = YES;
				CLANG_WARN_ENUM_CONVERSION = YES;
				CLANG_WARN_INFINITE_RECURSION = YES;
				CLANG_WARN_INT_CONVERSION = YES;
				CLANG_WARN_NON_LITERAL_NULL_CONVERSION = YES;
				CLANG_WARN_OBJC_IMPLICIT_RETAIN_SELF = YES;
				CLANG_WARN_OBJC_LITERAL_CONVERSION = YES;
				CLANG_WARN_OBJC_ROOT_CLASS = YES_ERROR;
				CLANG_WARN_QUOTED_INCLUDE_IN_FRAMEWORK_HEADER = YES;
				CLANG_WARN_RANGE_LOOP_ANALYSIS = YES;
				CLANG_WARN_STRICT_PROTOTYPES = YES;
				CLANG_WARN_SUSPICIOUS_MOVE = YES;
				CLANG_WARN_UNGUARDED_AVAILABILITY = YES_AGGRESSIVE;
				CLANG_WARN_UNREACHABLE_CODE = YES;
				CLANG_WARN__DUPLICATE_METHOD_MATCH = YES;
				COPY_PHASE_STRIP = NO;
				DEBUG_INFORMATION_FORMAT = dwarf;
				ENABLE_STRICT_OBJC_MSGSEND = YES;
				ENABLE_TESTABILITY = YES;
				GCC_C_LANGUAGE_STANDARD = gnu11;
				GCC_DYNAMIC_NO_PIC = NO;
				GCC_NO_COMMON_BLOCKS = YES;
				GCC_OPTIMIZATION_LEVEL = 0;
				GCC_PREPROCESSOR_DEFINITIONS = (
					"DEBUG=1",
					"$(inherited)",
				);
				GCC_WARN_64_TO_32_BIT_CONVERSION = YES;
				GCC_WARN_ABOUT_RETURN_TYPE = YES_ERROR;
				GCC_WARN_UNDECLARED_SELECTOR = YES;
				GCC_WARN_UNINITIALIZED_AUTOS = YES_AGGRESSIVE;
				GCC_WARN_UNUSED_FUNCTION = YES;
				GCC_WARN_UNUSED_VARIABLE = YES;
				MACOSX_DEPLOYMENT_TARGET = 13.0;
				MTL_ENABLE_DEBUG_INFO = INCLUDE_SOURCE;
				MTL_FAST_MATH = YES;
				ONLY_ACTIVE_ARCH = YES;
				SDKROOT = macosx;
				SWIFT_ACTIVE_COMPILATION_CONDITIONS = DEBUG;
				SWIFT_OPTIMIZATION_LEVEL = "-Onone";
			};
			name = Debug;
		};
		897A367E298A65AB0020AA80 /* Release */ = {
			isa = XCBuildConfiguration;
			baseConfigurationReference = 897A3688298A66FC0020AA80 /* Config.xcconfig */;
			buildSettings = {
				ALWAYS_SEARCH_USER_PATHS = NO;
				CLANG_ANALYZER_NONNULL = YES;
				CLANG_ANALYZER_NUMBER_OBJECT_CONVERSION = YES_AGGRESSIVE;
				CLANG_CXX_LANGUAGE_STANDARD = "gnu++20";
				CLANG_ENABLE_MODULES = YES;
				CLANG_ENABLE_OBJC_ARC = YES;
				CLANG_ENABLE_OBJC_WEAK = YES;
				CLANG_WARN_BLOCK_CAPTURE_AUTORELEASING = YES;
				CLANG_WARN_BOOL_CONVERSION = YES;
				CLANG_WARN_COMMA = YES;
				CLANG_WARN_CONSTANT_CONVERSION = YES;
				CLANG_WARN_DEPRECATED_OBJC_IMPLEMENTATIONS = YES;
				CLANG_WARN_DIRECT_OBJC_ISA_USAGE = YES_ERROR;
				CLANG_WARN_DOCUMENTATION_COMMENTS = YES;
				CLANG_WARN_EMPTY_BODY = YES;
				CLANG_WARN_ENUM_CONVERSION = YES;
				CLANG_WARN_INFINITE_RECURSION = YES;
				CLANG_WARN_INT_CONVERSION = YES;
				CLANG_WARN_NON_LITERAL_NULL_CONVERSION = YES;
				CLANG_WARN_OBJC_IMPLICIT_RETAIN_SELF = YES;
				CLANG_WARN_OBJC_LITERAL_CONVERSION = YES;
				CLANG_WARN_OBJC_ROOT_CLASS = YES_ERROR;
				CLANG_WARN_QUOTED_INCLUDE_IN_FRAMEWORK_HEADER = YES;
				CLANG_WARN_RANGE_LOOP_ANALYSIS = YES;
				CLANG_WARN_STRICT_PROTOTYPES = YES;
				CLANG_WARN_SUSPICIOUS_MOVE = YES;
				CLANG_WARN_UNGUARDED_AVAILABILITY = YES_AGGRESSIVE;
				CLANG_WARN_UNREACHABLE_CODE = YES;
				CLANG_WARN__DUPLICATE_METHOD_MATCH = YES;
				COPY_PHASE_STRIP = NO;
				DEBUG_INFORMATION_FORMAT = "dwarf-with-dsym";
				ENABLE_NS_ASSERTIONS = NO;
				ENABLE_STRICT_OBJC_MSGSEND = YES;
				GCC_C_LANGUAGE_STANDARD = gnu11;
				GCC_NO_COMMON_BLOCKS = YES;
				GCC_WARN_64_TO_32_BIT_CONVERSION = YES;
				GCC_WARN_ABOUT_RETURN_TYPE = YES_ERROR;
				GCC_WARN_UNDECLARED_SELECTOR = YES;
				GCC_WARN_UNINITIALIZED_AUTOS = YES_AGGRESSIVE;
				GCC_WARN_UNUSED_FUNCTION = YES;
				GCC_WARN_UNUSED_VARIABLE = YES;
				MACOSX_DEPLOYMENT_TARGET = 13.0;
				MTL_ENABLE_DEBUG_INFO = NO;
				MTL_FAST_MATH = YES;
				SDKROOT = macosx;
				SWIFT_COMPILATION_MODE = wholemodule;
				SWIFT_OPTIMIZATION_LEVEL = "-O";
			};
			name = Release;
		};
		897A3680298A65AB0020AA80 /* Debug */ = {
			isa = XCBuildConfiguration;
			buildSettings = {
				ASSETCATALOG_COMPILER_APPICON_NAME = AppIcon;
				ASSETCATALOG_COMPILER_GLOBAL_ACCENT_COLOR_NAME = AccentColor;
				CODE_SIGN_ENTITLEMENTS = "Scrobbler for Last.fm/Scrobbler_for_Last_fm.entitlements";
				CODE_SIGN_STYLE = Automatic;
				COMBINE_HIDPI_IMAGES = YES;
				CURRENT_PROJECT_VERSION = 1;
				DEVELOPMENT_ASSET_PATHS = "\"Scrobbler for Last.fm/Preview Content\"";
				DEVELOPMENT_TEAM = C4HKS39B24;
				ENABLE_HARDENED_RUNTIME = YES;
				ENABLE_PREVIEWS = YES;
				GENERATE_INFOPLIST_FILE = YES;
				INFOPLIST_FILE = "Scrobbler-for-Last-fm-Info.plist";
				INFOPLIST_KEY_LSApplicationCategoryType = "public.app-category.music";
				INFOPLIST_KEY_NSHumanReadableCopyright = "";
				LD_RUNPATH_SEARCH_PATHS = (
					"$(inherited)",
					"@executable_path/../Frameworks",
				);
				MACOSX_DEPLOYMENT_TARGET = 13.0;
				MARKETING_VERSION = 1.0;
				PRODUCT_BUNDLE_IDENTIFIER = "nl.wissehes.Scrobbler-for-Last-fm";
				PRODUCT_NAME = "$(TARGET_NAME)";
				SWIFT_EMIT_LOC_STRINGS = YES;
				SWIFT_VERSION = 5.0;
			};
			name = Debug;
		};
		897A3681298A65AB0020AA80 /* Release */ = {
			isa = XCBuildConfiguration;
			buildSettings = {
				ASSETCATALOG_COMPILER_APPICON_NAME = AppIcon;
				ASSETCATALOG_COMPILER_GLOBAL_ACCENT_COLOR_NAME = AccentColor;
				CODE_SIGN_ENTITLEMENTS = "Scrobbler for Last.fm/Scrobbler_for_Last_fm.entitlements";
				CODE_SIGN_STYLE = Automatic;
				COMBINE_HIDPI_IMAGES = YES;
				CURRENT_PROJECT_VERSION = 1;
				DEVELOPMENT_ASSET_PATHS = "\"Scrobbler for Last.fm/Preview Content\"";
				DEVELOPMENT_TEAM = C4HKS39B24;
				ENABLE_HARDENED_RUNTIME = YES;
				ENABLE_PREVIEWS = YES;
				GENERATE_INFOPLIST_FILE = YES;
				INFOPLIST_FILE = "Scrobbler-for-Last-fm-Info.plist";
				INFOPLIST_KEY_LSApplicationCategoryType = "public.app-category.music";
				INFOPLIST_KEY_NSHumanReadableCopyright = "";
				LD_RUNPATH_SEARCH_PATHS = (
					"$(inherited)",
					"@executable_path/../Frameworks",
				);
				MACOSX_DEPLOYMENT_TARGET = 13.0;
				MARKETING_VERSION = 1.0;
				PRODUCT_BUNDLE_IDENTIFIER = "nl.wissehes.Scrobbler-for-Last-fm";
				PRODUCT_NAME = "$(TARGET_NAME)";
				SWIFT_EMIT_LOC_STRINGS = YES;
				SWIFT_VERSION = 5.0;
			};
			name = Release;
		};
/* End XCBuildConfiguration section */

/* Begin XCConfigurationList section */
		897A366B298A65AB0020AA80 /* Build configuration list for PBXProject "Scrobbler for Last.fm" */ = {
			isa = XCConfigurationList;
			buildConfigurations = (
				897A367D298A65AB0020AA80 /* Debug */,
				897A367E298A65AB0020AA80 /* Release */,
			);
			defaultConfigurationIsVisible = 0;
			defaultConfigurationName = Release;
		};
		897A367F298A65AB0020AA80 /* Build configuration list for PBXNativeTarget "Scrobbler for Last.fm" */ = {
			isa = XCConfigurationList;
			buildConfigurations = (
				897A3680298A65AB0020AA80 /* Debug */,
				897A3681298A65AB0020AA80 /* Release */,
			);
			defaultConfigurationIsVisible = 0;
			defaultConfigurationName = Release;
		};
/* End XCConfigurationList section */

/* Begin XCRemoteSwiftPackageReference section */
		897A3685298A66850020AA80 /* XCRemoteSwiftPackageReference "Alamofire" */ = {
			isa = XCRemoteSwiftPackageReference;
			repositoryURL = "https://github.com/Alamofire/Alamofire";
			requirement = {
				kind = upToNextMajorVersion;
				minimumVersion = 5.0.0;
			};
		};
		898A6A2E29B78B3E00EC2C12 /* XCRemoteSwiftPackageReference "SpotifyAPI" */ = {
			isa = XCRemoteSwiftPackageReference;
			repositoryURL = "https://github.com/Peter-Schorn/SpotifyAPI#installation";
			requirement = {
				kind = exactVersion;
				version = 2.2.2;
			};
		};
		898A6A3C29B7E54600EC2C12 /* XCRemoteSwiftPackageReference "AlertToast" */ = {
			isa = XCRemoteSwiftPackageReference;
			repositoryURL = "https://github.com/elai950/AlertToast";
			requirement = {
				branch = master;
				kind = branch;
			};
		};
/* End XCRemoteSwiftPackageReference section */

/* Begin XCSwiftPackageProductDependency section */
		897A3686298A66850020AA80 /* Alamofire */ = {
			isa = XCSwiftPackageProductDependency;
			package = 897A3685298A66850020AA80 /* XCRemoteSwiftPackageReference "Alamofire" */;
			productName = Alamofire;
		};
		898A6A2F29B78B3F00EC2C12 /* SpotifyAPI */ = {
			isa = XCSwiftPackageProductDependency;
			package = 898A6A2E29B78B3E00EC2C12 /* XCRemoteSwiftPackageReference "SpotifyAPI" */;
			productName = SpotifyAPI;
		};
		898A6A3D29B7E54700EC2C12 /* AlertToast */ = {
			isa = XCSwiftPackageProductDependency;
			package = 898A6A3C29B7E54600EC2C12 /* XCRemoteSwiftPackageReference "AlertToast" */;
			productName = AlertToast;
		};
/* End XCSwiftPackageProductDependency section */
	};
	rootObject = 897A3668298A65AB0020AA80 /* Project object */;
}
