// !$*UTF8*$!
{
	archiveVersion = 1;
	classes = {
	};
	objectVersion = 56;
	objects = {

/* Begin PBXBuildFile section */
		890FE85029C30D6E001FA70C /* AlbumGridWidget.swift in Sources */ = {isa = PBXBuildFile; fileRef = 890FE84D29C30AB6001FA70C /* AlbumGridWidget.swift */; };
		890FE85329C30ED2001FA70C /* TopArtistsWidget.swift in Sources */ = {isa = PBXBuildFile; fileRef = 890FE85129C30ECF001FA70C /* TopArtistsWidget.swift */; };
		890FE85629C30EF0001FA70C /* TopArtistsSmallWidgetView.swift in Sources */ = {isa = PBXBuildFile; fileRef = 890FE85429C30EE6001FA70C /* TopArtistsSmallWidgetView.swift */; };
		890FE85829C30F9E001FA70C /* TopArtistsMediumWidgetView.swift in Sources */ = {isa = PBXBuildFile; fileRef = 890FE85729C30F9E001FA70C /* TopArtistsMediumWidgetView.swift */; };
		890FE85B29C31C39001FA70C /* MediumGridWidget.swift in Sources */ = {isa = PBXBuildFile; fileRef = 890FE85A29C31C39001FA70C /* MediumGridWidget.swift */; };
		890FE85D29C31C41001FA70C /* LargeGridWidget.swift in Sources */ = {isa = PBXBuildFile; fileRef = 890FE85C29C31C41001FA70C /* LargeGridWidget.swift */; };
		8948995629B8B6A400D0EE2B /* LongProgessView.swift in Sources */ = {isa = PBXBuildFile; fileRef = 8948995529B8B6A400D0EE2B /* LongProgessView.swift */; };
		8948995829B8C00700D0EE2B /* Pill.swift in Sources */ = {isa = PBXBuildFile; fileRef = 8948995729B8C00700D0EE2B /* Pill.swift */; };
		8969C9E929C1EC86001A6865 /* Widgets.intentdefinition in Sources */ = {isa = PBXBuildFile; fileRef = 89CBA10329BF47A100A75743 /* Widgets.intentdefinition */; };
		8969CA0E29C21699001A6865 /* Period+Text.swift in Sources */ = {isa = PBXBuildFile; fileRef = 8969CA0D29C21699001A6865 /* Period+Text.swift */; };
		8969CA0F29C2170F001A6865 /* Period+Text.swift in Sources */ = {isa = PBXBuildFile; fileRef = 8969CA0D29C21699001A6865 /* Period+Text.swift */; };
		8978C0BA29BF85EE00E1F4B0 /* Alamofire in Frameworks */ = {isa = PBXBuildFile; productRef = 8978C0B929BF85EE00E1F4B0 /* Alamofire */; };
		8978C0BC29BF868F00E1F4B0 /* SpotifyAPI in Frameworks */ = {isa = PBXBuildFile; productRef = 8978C0BB29BF868F00E1F4B0 /* SpotifyAPI */; };
		8978C0BE29BF868F00E1F4B0 /* Alamofire in Frameworks */ = {isa = PBXBuildFile; productRef = 8978C0BD29BF868F00E1F4B0 /* Alamofire */; };
		897A3674298A65AB0020AA80 /* Scrobbler_for_Last_fmApp.swift in Sources */ = {isa = PBXBuildFile; fileRef = 897A3673298A65AB0020AA80 /* Scrobbler_for_Last_fmApp.swift */; };
		897A3676298A65AB0020AA80 /* ContentView.swift in Sources */ = {isa = PBXBuildFile; fileRef = 897A3675298A65AB0020AA80 /* ContentView.swift */; };
		897A3678298A65AB0020AA80 /* Assets.xcassets in Resources */ = {isa = PBXBuildFile; fileRef = 897A3677298A65AB0020AA80 /* Assets.xcassets */; };
		897A367B298A65AB0020AA80 /* Preview Assets.xcassets in Resources */ = {isa = PBXBuildFile; fileRef = 897A367A298A65AB0020AA80 /* Preview Assets.xcassets */; };
		897A3684298A662C0020AA80 /* LastfmAPI.swift in Sources */ = {isa = PBXBuildFile; fileRef = 897A3683298A662C0020AA80 /* LastfmAPI.swift */; };
		897A368C298A69AC0020AA80 /* TopArtistsView.swift in Sources */ = {isa = PBXBuildFile; fileRef = 897A368B298A69AC0020AA80 /* TopArtistsView.swift */; };
		897A368F298A6A7E0020AA80 /* TopArtistsResponse.swift in Sources */ = {isa = PBXBuildFile; fileRef = 897A368E298A6A7E0020AA80 /* TopArtistsResponse.swift */; };
		898A6A3229B78BBE00EC2C12 /* Spotify.swift in Sources */ = {isa = PBXBuildFile; fileRef = 898A6A3129B78BBE00EC2C12 /* Spotify.swift */; };
		898A6A3529B78E7400EC2C12 /* SearchAlbumView.swift in Sources */ = {isa = PBXBuildFile; fileRef = 898A6A3429B78E7400EC2C12 /* SearchAlbumView.swift */; };
		898A6A3929B797DA00EC2C12 /* SpotifyAlbumView.swift in Sources */ = {isa = PBXBuildFile; fileRef = 898A6A3829B797DA00EC2C12 /* SpotifyAlbumView.swift */; };
		898A6A3B29B7A6C800EC2C12 /* ScrobblingAPI.swift in Sources */ = {isa = PBXBuildFile; fileRef = 898A6A3A29B7A6C800EC2C12 /* ScrobblingAPI.swift */; };
		898A6A3E29B7E54700EC2C12 /* AlertToast in Frameworks */ = {isa = PBXBuildFile; productRef = 898A6A3D29B7E54700EC2C12 /* AlertToast */; };
		8990661229BBED29009D3CB5 /* SwiftUI+Pointer.swift in Sources */ = {isa = PBXBuildFile; fileRef = 8990661129BBED29009D3CB5 /* SwiftUI+Pointer.swift */; };
		899D9A0929B9167800D6EFB0 /* LoadingOverlay.swift in Sources */ = {isa = PBXBuildFile; fileRef = 899D9A0829B9167800D6EFB0 /* LoadingOverlay.swift */; };
		899D9A0B29B916F200D6EFB0 /* SwiftUI+Loading.swift in Sources */ = {isa = PBXBuildFile; fileRef = 899D9A0A29B916F200D6EFB0 /* SwiftUI+Loading.swift */; };
		899FCA0729BCAB200051C13E /* CollageView.swift in Sources */ = {isa = PBXBuildFile; fileRef = 899FCA0629BCAB200051C13E /* CollageView.swift */; };
		899FCA0A29BCAC2C0051C13E /* topalbums.json in Resources */ = {isa = PBXBuildFile; fileRef = 899FCA0929BCAC2C0051C13E /* topalbums.json */; };
		899FCA0C29BCB58E0051C13E /* CreateCollageView.swift in Sources */ = {isa = PBXBuildFile; fileRef = 899FCA0B29BCB58E0051C13E /* CreateCollageView.swift */; };
		899FCA0E29BCB6550051C13E /* CollageImage.swift in Sources */ = {isa = PBXBuildFile; fileRef = 899FCA0D29BCB6550051C13E /* CollageImage.swift */; };
		89B4814229BBE3D100319778 /* Lottie in Frameworks */ = {isa = PBXBuildFile; productRef = 89B4814129BBE3D100319778 /* Lottie */; };
		89B4814429BBE3DF00319778 /* LottieView.swift in Sources */ = {isa = PBXBuildFile; fileRef = 89B4814329BBE3DF00319778 /* LottieView.swift */; };
		89B4814629BBE49400319778 /* now-playing.json in Resources */ = {isa = PBXBuildFile; fileRef = 89B4814529BBE49400319778 /* now-playing.json */; };
		89B4814929BBE62D00319778 /* NowPlayingIcon.swift in Sources */ = {isa = PBXBuildFile; fileRef = 89B4814829BBE62D00319778 /* NowPlayingIcon.swift */; };
		89C837DC298BA637007E3062 /* TopTracksResponse.swift in Sources */ = {isa = PBXBuildFile; fileRef = 89C837DB298BA637007E3062 /* TopTracksResponse.swift */; };
		89C837DE298BABDC007E3062 /* TopTracksView.swift in Sources */ = {isa = PBXBuildFile; fileRef = 89C837DD298BABDC007E3062 /* TopTracksView.swift */; };
		89C837E0298BAC0F007E3062 /* ExternalImage.swift in Sources */ = {isa = PBXBuildFile; fileRef = 89C837DF298BAC0F007E3062 /* ExternalImage.swift */; };
		89C837E2298BB505007E3062 /* RecentTracksView.swift in Sources */ = {isa = PBXBuildFile; fileRef = 89C837E1298BB505007E3062 /* RecentTracksView.swift */; };
		89C837E4298BB5F9007E3062 /* RecentTracksResponse.swift in Sources */ = {isa = PBXBuildFile; fileRef = 89C837E3298BB5F9007E3062 /* RecentTracksResponse.swift */; };
		89C837E7298C21A6007E3062 /* LovedTracksResponse.swift in Sources */ = {isa = PBXBuildFile; fileRef = 89C837E6298C21A6007E3062 /* LovedTracksResponse.swift */; };
		89C837E9298C228D007E3062 /* LovedTracksView.swift in Sources */ = {isa = PBXBuildFile; fileRef = 89C837E8298C228D007E3062 /* LovedTracksView.swift */; };
		89C837EB298C3BA2007E3062 /* AuthController.swift in Sources */ = {isa = PBXBuildFile; fileRef = 89C837EA298C3BA2007E3062 /* AuthController.swift */; };
		89C837EE298C4124007E3062 /* GetTokenResponse.swift in Sources */ = {isa = PBXBuildFile; fileRef = 89C837ED298C4124007E3062 /* GetTokenResponse.swift */; };
		89C837F0298C43AF007E3062 /* GetSessionResponse.swift in Sources */ = {isa = PBXBuildFile; fileRef = 89C837EF298C43AF007E3062 /* GetSessionResponse.swift */; };
		89C837F3298C4882007E3062 /* LoginView.swift in Sources */ = {isa = PBXBuildFile; fileRef = 89C837F2298C4882007E3062 /* LoginView.swift */; };
		89C837F6298D7415007E3062 /* ArtistDetailView.swift in Sources */ = {isa = PBXBuildFile; fileRef = 89C837F5298D7415007E3062 /* ArtistDetailView.swift */; };
		89C837F8298D8FD1007E3062 /* ArtistInfoResponse.swift in Sources */ = {isa = PBXBuildFile; fileRef = 89C837F7298D8FD1007E3062 /* ArtistInfoResponse.swift */; };
		89CBA0FD29BF47A100A75743 /* WidgetKit.framework in Frameworks */ = {isa = PBXBuildFile; fileRef = 89CBA0FC29BF47A100A75743 /* WidgetKit.framework */; };
		89CBA0FF29BF47A100A75743 /* SwiftUI.framework in Frameworks */ = {isa = PBXBuildFile; fileRef = 89CBA0FE29BF47A100A75743 /* SwiftUI.framework */; };
		89CBA10229BF47A100A75743 /* Widgets.swift in Sources */ = {isa = PBXBuildFile; fileRef = 89CBA10129BF47A100A75743 /* Widgets.swift */; };
		89CBA10529BF47A300A75743 /* Assets.xcassets in Resources */ = {isa = PBXBuildFile; fileRef = 89CBA10429BF47A300A75743 /* Assets.xcassets */; };
		89CBA10829BF47A300A75743 /* Widgets.intentdefinition in Sources */ = {isa = PBXBuildFile; fileRef = 89CBA10329BF47A100A75743 /* Widgets.intentdefinition */; };
		89CBA11429BF4B7400A75743 /* AuthController.swift in Sources */ = {isa = PBXBuildFile; fileRef = 89C837EA298C3BA2007E3062 /* AuthController.swift */; };
		89CBA11529BF4B7900A75743 /* LastfmAPI.swift in Sources */ = {isa = PBXBuildFile; fileRef = 897A3683298A662C0020AA80 /* LastfmAPI.swift */; };
		89CBA11629BF4BA500A75743 /* GetTokenResponse.swift in Sources */ = {isa = PBXBuildFile; fileRef = 89C837ED298C4124007E3062 /* GetTokenResponse.swift */; };
		89CBA11729BF4BA500A75743 /* TopAlbumsResponse.swift in Sources */ = {isa = PBXBuildFile; fileRef = 89EBB8D1298B09AE00AAFE7A /* TopAlbumsResponse.swift */; };
		89CBA11829BF4BA500A75743 /* GetSessionResponse.swift in Sources */ = {isa = PBXBuildFile; fileRef = 89C837EF298C43AF007E3062 /* GetSessionResponse.swift */; };
		89CBA11929BF4BA500A75743 /* TopArtistsResponse.swift in Sources */ = {isa = PBXBuildFile; fileRef = 897A368E298A6A7E0020AA80 /* TopArtistsResponse.swift */; };
		89CBA11A29BF4BA500A75743 /* RecentTracksResponse.swift in Sources */ = {isa = PBXBuildFile; fileRef = 89C837E3298BB5F9007E3062 /* RecentTracksResponse.swift */; };
		89CBA11B29BF4BA500A75743 /* ArtistInfoResponse.swift in Sources */ = {isa = PBXBuildFile; fileRef = 89C837F7298D8FD1007E3062 /* ArtistInfoResponse.swift */; };
		89CBA11C29BF4BA500A75743 /* LovedTracksResponse.swift in Sources */ = {isa = PBXBuildFile; fileRef = 89C837E6298C21A6007E3062 /* LovedTracksResponse.swift */; };
		89CBA11D29BF4BA500A75743 /* Shared.swift in Sources */ = {isa = PBXBuildFile; fileRef = 89EBB8D3298B09D900AAFE7A /* Shared.swift */; };
		89CBA11E29BF4BA500A75743 /* CollageImage.swift in Sources */ = {isa = PBXBuildFile; fileRef = 899FCA0D29BCB6550051C13E /* CollageImage.swift */; };
		89CBA11F29BF4BA500A75743 /* TopTracksResponse.swift in Sources */ = {isa = PBXBuildFile; fileRef = 89C837DB298BA637007E3062 /* TopTracksResponse.swift */; };
		89CBA12129BF825300A75743 /* TopAlbumsWidget.swift in Sources */ = {isa = PBXBuildFile; fileRef = 89CBA11229BF49F000A75743 /* TopAlbumsWidget.swift */; };
		89CBA12229BF833A00A75743 /* ScrobblingAPI.swift in Sources */ = {isa = PBXBuildFile; fileRef = 898A6A3A29B7A6C800EC2C12 /* ScrobblingAPI.swift */; };
		89CBA12629BF83A900A75743 /* SpotifyAPI in Frameworks */ = {isa = PBXBuildFile; productRef = 89CBA12529BF83A900A75743 /* SpotifyAPI */; };
		89CBA12829BF83D400A75743 /* Sequence+Async.swift in Sources */ = {isa = PBXBuildFile; fileRef = 89CBA12729BF83D400A75743 /* Sequence+Async.swift */; };
		89CBA12929BF83D400A75743 /* Sequence+Async.swift in Sources */ = {isa = PBXBuildFile; fileRef = 89CBA12729BF83D400A75743 /* Sequence+Async.swift */; };
		89EBB8D0298B086F00AAFE7A /* Rank.swift in Sources */ = {isa = PBXBuildFile; fileRef = 89EBB8CF298B086F00AAFE7A /* Rank.swift */; };
		89EBB8D2298B09AE00AAFE7A /* TopAlbumsResponse.swift in Sources */ = {isa = PBXBuildFile; fileRef = 89EBB8D1298B09AE00AAFE7A /* TopAlbumsResponse.swift */; };
		89EBB8D4298B09D900AAFE7A /* Shared.swift in Sources */ = {isa = PBXBuildFile; fileRef = 89EBB8D3298B09D900AAFE7A /* Shared.swift */; };
		89EBB8D6298B0AD800AAFE7A /* TopAlbumsView.swift in Sources */ = {isa = PBXBuildFile; fileRef = 89EBB8D5298B0AD800AAFE7A /* TopAlbumsView.swift */; };
		89FE44D929C103FF00FF823B /* WidgetsExtension.appex in Embed Foundation Extensions */ = {isa = PBXBuildFile; fileRef = 89CBA0FA29BF47A100A75743 /* WidgetsExtension.appex */; settings = {ATTRIBUTES = (RemoveHeadersOnCopy, ); }; };
/* End PBXBuildFile section */

/* Begin PBXContainerItemProxy section */
		89FE44DA29C1040000FF823B /* PBXContainerItemProxy */ = {
			isa = PBXContainerItemProxy;
			containerPortal = 897A3668298A65AB0020AA80 /* Project object */;
			proxyType = 1;
			remoteGlobalIDString = 89CBA0F929BF47A100A75743;
			remoteInfo = WidgetsExtension;
		};
/* End PBXContainerItemProxy section */

/* Begin PBXCopyFilesBuildPhase section */
		89FE44DC29C1040000FF823B /* Embed Foundation Extensions */ = {
			isa = PBXCopyFilesBuildPhase;
			buildActionMask = 2147483647;
			dstPath = "";
			dstSubfolderSpec = 13;
			files = (
				89FE44D929C103FF00FF823B /* WidgetsExtension.appex in Embed Foundation Extensions */,
			);
			name = "Embed Foundation Extensions";
			runOnlyForDeploymentPostprocessing = 0;
		};
/* End PBXCopyFilesBuildPhase section */

/* Begin PBXFileReference section */
		890FE84D29C30AB6001FA70C /* AlbumGridWidget.swift */ = {isa = PBXFileReference; lastKnownFileType = sourcecode.swift; path = AlbumGridWidget.swift; sourceTree = "<group>"; };
		890FE85129C30ECF001FA70C /* TopArtistsWidget.swift */ = {isa = PBXFileReference; lastKnownFileType = sourcecode.swift; path = TopArtistsWidget.swift; sourceTree = "<group>"; };
		890FE85429C30EE6001FA70C /* TopArtistsSmallWidgetView.swift */ = {isa = PBXFileReference; lastKnownFileType = sourcecode.swift; path = TopArtistsSmallWidgetView.swift; sourceTree = "<group>"; };
		890FE85729C30F9E001FA70C /* TopArtistsMediumWidgetView.swift */ = {isa = PBXFileReference; lastKnownFileType = sourcecode.swift; path = TopArtistsMediumWidgetView.swift; sourceTree = "<group>"; };
		890FE85A29C31C39001FA70C /* MediumGridWidget.swift */ = {isa = PBXFileReference; lastKnownFileType = sourcecode.swift; path = MediumGridWidget.swift; sourceTree = "<group>"; };
		890FE85C29C31C41001FA70C /* LargeGridWidget.swift */ = {isa = PBXFileReference; lastKnownFileType = sourcecode.swift; path = LargeGridWidget.swift; sourceTree = "<group>"; };
		8948995529B8B6A400D0EE2B /* LongProgessView.swift */ = {isa = PBXFileReference; lastKnownFileType = sourcecode.swift; path = LongProgessView.swift; sourceTree = "<group>"; };
		8948995729B8C00700D0EE2B /* Pill.swift */ = {isa = PBXFileReference; lastKnownFileType = sourcecode.swift; path = Pill.swift; sourceTree = "<group>"; };
		8969CA0D29C21699001A6865 /* Period+Text.swift */ = {isa = PBXFileReference; lastKnownFileType = sourcecode.swift; path = "Period+Text.swift"; sourceTree = "<group>"; };
		897A3670298A65AB0020AA80 /* Scrobbler for Last.fm.app */ = {isa = PBXFileReference; explicitFileType = wrapper.application; includeInIndex = 0; path = "Scrobbler for Last.fm.app"; sourceTree = BUILT_PRODUCTS_DIR; };
		897A3673298A65AB0020AA80 /* Scrobbler_for_Last_fmApp.swift */ = {isa = PBXFileReference; lastKnownFileType = sourcecode.swift; path = Scrobbler_for_Last_fmApp.swift; sourceTree = "<group>"; };
		897A3675298A65AB0020AA80 /* ContentView.swift */ = {isa = PBXFileReference; lastKnownFileType = sourcecode.swift; path = ContentView.swift; sourceTree = "<group>"; };
		897A3677298A65AB0020AA80 /* Assets.xcassets */ = {isa = PBXFileReference; lastKnownFileType = folder.assetcatalog; path = Assets.xcassets; sourceTree = "<group>"; };
		897A367A298A65AB0020AA80 /* Preview Assets.xcassets */ = {isa = PBXFileReference; lastKnownFileType = folder.assetcatalog; path = "Preview Assets.xcassets"; sourceTree = "<group>"; };
		897A367C298A65AB0020AA80 /* Scrobbler_for_Last_fm.entitlements */ = {isa = PBXFileReference; lastKnownFileType = text.plist.entitlements; path = Scrobbler_for_Last_fm.entitlements; sourceTree = "<group>"; };
		897A3683298A662C0020AA80 /* LastfmAPI.swift */ = {isa = PBXFileReference; lastKnownFileType = sourcecode.swift; path = LastfmAPI.swift; sourceTree = "<group>"; };
		897A3688298A66FC0020AA80 /* Config.xcconfig */ = {isa = PBXFileReference; lastKnownFileType = text.xcconfig; path = Config.xcconfig; sourceTree = "<group>"; };
		897A3689298A67D50020AA80 /* Scrobbler-for-Last-fm-Info.plist */ = {isa = PBXFileReference; lastKnownFileType = text.plist.xml; path = "Scrobbler-for-Last-fm-Info.plist"; sourceTree = SOURCE_ROOT; };
		897A368B298A69AC0020AA80 /* TopArtistsView.swift */ = {isa = PBXFileReference; lastKnownFileType = sourcecode.swift; path = TopArtistsView.swift; sourceTree = "<group>"; };
		897A368E298A6A7E0020AA80 /* TopArtistsResponse.swift */ = {isa = PBXFileReference; lastKnownFileType = sourcecode.swift; path = TopArtistsResponse.swift; sourceTree = "<group>"; };
		898A6A3129B78BBE00EC2C12 /* Spotify.swift */ = {isa = PBXFileReference; lastKnownFileType = sourcecode.swift; path = Spotify.swift; sourceTree = "<group>"; };
		898A6A3429B78E7400EC2C12 /* SearchAlbumView.swift */ = {isa = PBXFileReference; lastKnownFileType = sourcecode.swift; path = SearchAlbumView.swift; sourceTree = "<group>"; };
		898A6A3829B797DA00EC2C12 /* SpotifyAlbumView.swift */ = {isa = PBXFileReference; lastKnownFileType = sourcecode.swift; path = SpotifyAlbumView.swift; sourceTree = "<group>"; };
		898A6A3A29B7A6C800EC2C12 /* ScrobblingAPI.swift */ = {isa = PBXFileReference; lastKnownFileType = sourcecode.swift; path = ScrobblingAPI.swift; sourceTree = "<group>"; };
		8990661129BBED29009D3CB5 /* SwiftUI+Pointer.swift */ = {isa = PBXFileReference; lastKnownFileType = sourcecode.swift; path = "SwiftUI+Pointer.swift"; sourceTree = "<group>"; };
		899D9A0829B9167800D6EFB0 /* LoadingOverlay.swift */ = {isa = PBXFileReference; lastKnownFileType = sourcecode.swift; path = LoadingOverlay.swift; sourceTree = "<group>"; };
		899D9A0A29B916F200D6EFB0 /* SwiftUI+Loading.swift */ = {isa = PBXFileReference; lastKnownFileType = sourcecode.swift; path = "SwiftUI+Loading.swift"; sourceTree = "<group>"; };
		899FCA0629BCAB200051C13E /* CollageView.swift */ = {isa = PBXFileReference; lastKnownFileType = sourcecode.swift; path = CollageView.swift; sourceTree = "<group>"; };
		899FCA0929BCAC2C0051C13E /* topalbums.json */ = {isa = PBXFileReference; lastKnownFileType = text.json; path = topalbums.json; sourceTree = "<group>"; };
		899FCA0B29BCB58E0051C13E /* CreateCollageView.swift */ = {isa = PBXFileReference; lastKnownFileType = sourcecode.swift; path = CreateCollageView.swift; sourceTree = "<group>"; };
		899FCA0D29BCB6550051C13E /* CollageImage.swift */ = {isa = PBXFileReference; lastKnownFileType = sourcecode.swift; path = CollageImage.swift; sourceTree = "<group>"; };
		89B4814329BBE3DF00319778 /* LottieView.swift */ = {isa = PBXFileReference; lastKnownFileType = sourcecode.swift; path = LottieView.swift; sourceTree = "<group>"; };
		89B4814529BBE49400319778 /* now-playing.json */ = {isa = PBXFileReference; fileEncoding = 4; lastKnownFileType = text.json; path = "now-playing.json"; sourceTree = "<group>"; };
		89B4814829BBE62D00319778 /* NowPlayingIcon.swift */ = {isa = PBXFileReference; lastKnownFileType = sourcecode.swift; path = NowPlayingIcon.swift; sourceTree = "<group>"; };
		89C837DB298BA637007E3062 /* TopTracksResponse.swift */ = {isa = PBXFileReference; lastKnownFileType = sourcecode.swift; path = TopTracksResponse.swift; sourceTree = "<group>"; };
		89C837DD298BABDC007E3062 /* TopTracksView.swift */ = {isa = PBXFileReference; lastKnownFileType = sourcecode.swift; path = TopTracksView.swift; sourceTree = "<group>"; };
		89C837DF298BAC0F007E3062 /* ExternalImage.swift */ = {isa = PBXFileReference; lastKnownFileType = sourcecode.swift; path = ExternalImage.swift; sourceTree = "<group>"; };
		89C837E1298BB505007E3062 /* RecentTracksView.swift */ = {isa = PBXFileReference; lastKnownFileType = sourcecode.swift; path = RecentTracksView.swift; sourceTree = "<group>"; };
		89C837E3298BB5F9007E3062 /* RecentTracksResponse.swift */ = {isa = PBXFileReference; lastKnownFileType = sourcecode.swift; path = RecentTracksResponse.swift; sourceTree = "<group>"; };
		89C837E6298C21A6007E3062 /* LovedTracksResponse.swift */ = {isa = PBXFileReference; lastKnownFileType = sourcecode.swift; path = LovedTracksResponse.swift; sourceTree = "<group>"; };
		89C837E8298C228D007E3062 /* LovedTracksView.swift */ = {isa = PBXFileReference; lastKnownFileType = sourcecode.swift; path = LovedTracksView.swift; sourceTree = "<group>"; };
		89C837EA298C3BA2007E3062 /* AuthController.swift */ = {isa = PBXFileReference; lastKnownFileType = sourcecode.swift; path = AuthController.swift; sourceTree = "<group>"; };
		89C837ED298C4124007E3062 /* GetTokenResponse.swift */ = {isa = PBXFileReference; lastKnownFileType = sourcecode.swift; path = GetTokenResponse.swift; sourceTree = "<group>"; };
		89C837EF298C43AF007E3062 /* GetSessionResponse.swift */ = {isa = PBXFileReference; lastKnownFileType = sourcecode.swift; path = GetSessionResponse.swift; sourceTree = "<group>"; };
		89C837F2298C4882007E3062 /* LoginView.swift */ = {isa = PBXFileReference; lastKnownFileType = sourcecode.swift; path = LoginView.swift; sourceTree = "<group>"; };
		89C837F5298D7415007E3062 /* ArtistDetailView.swift */ = {isa = PBXFileReference; lastKnownFileType = sourcecode.swift; path = ArtistDetailView.swift; sourceTree = "<group>"; };
		89C837F7298D8FD1007E3062 /* ArtistInfoResponse.swift */ = {isa = PBXFileReference; lastKnownFileType = sourcecode.swift; path = ArtistInfoResponse.swift; sourceTree = "<group>"; };
		89CBA0FA29BF47A100A75743 /* WidgetsExtension.appex */ = {isa = PBXFileReference; explicitFileType = "wrapper.app-extension"; includeInIndex = 0; path = WidgetsExtension.appex; sourceTree = BUILT_PRODUCTS_DIR; };
		89CBA0FC29BF47A100A75743 /* WidgetKit.framework */ = {isa = PBXFileReference; lastKnownFileType = wrapper.framework; name = WidgetKit.framework; path = System/Library/Frameworks/WidgetKit.framework; sourceTree = SDKROOT; };
		89CBA0FE29BF47A100A75743 /* SwiftUI.framework */ = {isa = PBXFileReference; lastKnownFileType = wrapper.framework; name = SwiftUI.framework; path = System/Library/Frameworks/SwiftUI.framework; sourceTree = SDKROOT; };
		89CBA10129BF47A100A75743 /* Widgets.swift */ = {isa = PBXFileReference; lastKnownFileType = sourcecode.swift; path = Widgets.swift; sourceTree = "<group>"; };
		89CBA10329BF47A100A75743 /* Widgets.intentdefinition */ = {isa = PBXFileReference; lastKnownFileType = file.intentdefinition; path = Widgets.intentdefinition; sourceTree = "<group>"; };
		89CBA10429BF47A300A75743 /* Assets.xcassets */ = {isa = PBXFileReference; lastKnownFileType = folder.assetcatalog; path = Assets.xcassets; sourceTree = "<group>"; };
		89CBA10629BF47A300A75743 /* Info.plist */ = {isa = PBXFileReference; lastKnownFileType = text.plist.xml; path = Info.plist; sourceTree = "<group>"; };
		89CBA10729BF47A300A75743 /* Widgets.entitlements */ = {isa = PBXFileReference; lastKnownFileType = text.plist.entitlements; path = Widgets.entitlements; sourceTree = "<group>"; };
		89CBA11229BF49F000A75743 /* TopAlbumsWidget.swift */ = {isa = PBXFileReference; lastKnownFileType = sourcecode.swift; path = TopAlbumsWidget.swift; sourceTree = "<group>"; };
		89CBA12729BF83D400A75743 /* Sequence+Async.swift */ = {isa = PBXFileReference; lastKnownFileType = sourcecode.swift; path = "Sequence+Async.swift"; sourceTree = "<group>"; };
		89EBB8CF298B086F00AAFE7A /* Rank.swift */ = {isa = PBXFileReference; lastKnownFileType = sourcecode.swift; path = Rank.swift; sourceTree = "<group>"; };
		89EBB8D1298B09AE00AAFE7A /* TopAlbumsResponse.swift */ = {isa = PBXFileReference; lastKnownFileType = sourcecode.swift; path = TopAlbumsResponse.swift; sourceTree = "<group>"; };
		89EBB8D3298B09D900AAFE7A /* Shared.swift */ = {isa = PBXFileReference; lastKnownFileType = sourcecode.swift; path = Shared.swift; sourceTree = "<group>"; };
		89EBB8D5298B0AD800AAFE7A /* TopAlbumsView.swift */ = {isa = PBXFileReference; lastKnownFileType = sourcecode.swift; path = TopAlbumsView.swift; sourceTree = "<group>"; };
/* End PBXFileReference section */

/* Begin PBXFrameworksBuildPhase section */
		897A366D298A65AB0020AA80 /* Frameworks */ = {
			isa = PBXFrameworksBuildPhase;
			buildActionMask = 2147483647;
			files = (
				898A6A3E29B7E54700EC2C12 /* AlertToast in Frameworks */,
				8978C0BA29BF85EE00E1F4B0 /* Alamofire in Frameworks */,
				89CBA12629BF83A900A75743 /* SpotifyAPI in Frameworks */,
				89B4814229BBE3D100319778 /* Lottie in Frameworks */,
			);
			runOnlyForDeploymentPostprocessing = 0;
		};
		89CBA0F729BF47A100A75743 /* Frameworks */ = {
			isa = PBXFrameworksBuildPhase;
			buildActionMask = 2147483647;
			files = (
				89CBA0FF29BF47A100A75743 /* SwiftUI.framework in Frameworks */,
				8978C0BE29BF868F00E1F4B0 /* Alamofire in Frameworks */,
				8978C0BC29BF868F00E1F4B0 /* SpotifyAPI in Frameworks */,
				89CBA0FD29BF47A100A75743 /* WidgetKit.framework in Frameworks */,
			);
			runOnlyForDeploymentPostprocessing = 0;
		};
/* End PBXFrameworksBuildPhase section */

/* Begin PBXGroup section */
		890FE84C29C30A4D001FA70C /* AlbumGrid */ = {
			isa = PBXGroup;
			children = (
				890FE84D29C30AB6001FA70C /* AlbumGridWidget.swift */,
			);
			path = AlbumGrid;
			sourceTree = "<group>";
		};
		890FE84F29C30ACC001FA70C /* TopArtistsWidget */ = {
			isa = PBXGroup;
			children = (
				890FE85129C30ECF001FA70C /* TopArtistsWidget.swift */,
				890FE85429C30EE6001FA70C /* TopArtistsSmallWidgetView.swift */,
				890FE85729C30F9E001FA70C /* TopArtistsMediumWidgetView.swift */,
			);
			path = TopArtistsWidget;
			sourceTree = "<group>";
		};
		890FE85929C31C30001FA70C /* Shared */ = {
			isa = PBXGroup;
			children = (
				890FE85A29C31C39001FA70C /* MediumGridWidget.swift */,
				890FE85C29C31C41001FA70C /* LargeGridWidget.swift */,
			);
			path = Shared;
			sourceTree = "<group>";
		};
		897A3667298A65AB0020AA80 = {
			isa = PBXGroup;
			children = (
				897A3672298A65AB0020AA80 /* Scrobbler for Last.fm */,
				89CBA10029BF47A100A75743 /* Widgets */,
				89CBA0FB29BF47A100A75743 /* Frameworks */,
				897A3671298A65AB0020AA80 /* Products */,
			);
			sourceTree = "<group>";
		};
		897A3671298A65AB0020AA80 /* Products */ = {
			isa = PBXGroup;
			children = (
				897A3670298A65AB0020AA80 /* Scrobbler for Last.fm.app */,
				89CBA0FA29BF47A100A75743 /* WidgetsExtension.appex */,
			);
			name = Products;
			sourceTree = "<group>";
		};
		897A3672298A65AB0020AA80 /* Scrobbler for Last.fm */ = {
			isa = PBXGroup;
			children = (
				897A3682298A661E0020AA80 /* API */,
				89EBB8CE298B085700AAFE7A /* Components */,
				897A368A298A69A00020AA80 /* Views */,
				89C837EA298C3BA2007E3062 /* AuthController.swift */,
				898A6A3129B78BBE00EC2C12 /* Spotify.swift */,
				897A3673298A65AB0020AA80 /* Scrobbler_for_Last_fmApp.swift */,
				897A3675298A65AB0020AA80 /* ContentView.swift */,
				897A3677298A65AB0020AA80 /* Assets.xcassets */,
				897A3688298A66FC0020AA80 /* Config.xcconfig */,
				897A3689298A67D50020AA80 /* Scrobbler-for-Last-fm-Info.plist */,
				897A367C298A65AB0020AA80 /* Scrobbler_for_Last_fm.entitlements */,
				897A3679298A65AB0020AA80 /* Preview Content */,
			);
			path = "Scrobbler for Last.fm";
			sourceTree = "<group>";
		};
		897A3679298A65AB0020AA80 /* Preview Content */ = {
			isa = PBXGroup;
			children = (
				897A367A298A65AB0020AA80 /* Preview Assets.xcassets */,
			);
			path = "Preview Content";
			sourceTree = "<group>";
		};
		897A3682298A661E0020AA80 /* API */ = {
			isa = PBXGroup;
			children = (
				899FCA0829BCAB5E0051C13E /* MockData */,
				897A368D298A6A0A0020AA80 /* Structs */,
				897A3683298A662C0020AA80 /* LastfmAPI.swift */,
				898A6A3A29B7A6C800EC2C12 /* ScrobblingAPI.swift */,
			);
			path = API;
			sourceTree = "<group>";
		};
		897A368A298A69A00020AA80 /* Views */ = {
			isa = PBXGroup;
			children = (
				899FCA0529BCAB140051C13E /* Collage */,
				898A6A3329B78E6600EC2C12 /* Spotify */,
				89C837F1298C487A007E3062 /* Auth */,
				89C837F4298D73F6007E3062 /* Stats */,
				89CBA0F529BF441000A75743 /* DetailView */,
				89C837E1298BB505007E3062 /* RecentTracksView.swift */,
				89C837E8298C228D007E3062 /* LovedTracksView.swift */,
			);
			path = Views;
			sourceTree = "<group>";
		};
		897A368D298A6A0A0020AA80 /* Structs */ = {
			isa = PBXGroup;
			children = (
				89C837EC298C4118007E3062 /* Auth */,
				89C837E5298C2196007E3062 /* Stats */,
				89C837E3298BB5F9007E3062 /* RecentTracksResponse.swift */,
				89C837E6298C21A6007E3062 /* LovedTracksResponse.swift */,
				89C837F7298D8FD1007E3062 /* ArtistInfoResponse.swift */,
				89EBB8D3298B09D900AAFE7A /* Shared.swift */,
				899FCA0D29BCB6550051C13E /* CollageImage.swift */,
			);
			path = Structs;
			sourceTree = "<group>";
		};
		898A6A3329B78E6600EC2C12 /* Spotify */ = {
			isa = PBXGroup;
			children = (
				898A6A3429B78E7400EC2C12 /* SearchAlbumView.swift */,
				898A6A3829B797DA00EC2C12 /* SpotifyAlbumView.swift */,
			);
			path = Spotify;
			sourceTree = "<group>";
		};
		899FCA0529BCAB140051C13E /* Collage */ = {
			isa = PBXGroup;
			children = (
				899FCA0629BCAB200051C13E /* CollageView.swift */,
				899FCA0B29BCB58E0051C13E /* CreateCollageView.swift */,
			);
			path = Collage;
			sourceTree = "<group>";
		};
		899FCA0829BCAB5E0051C13E /* MockData */ = {
			isa = PBXGroup;
			children = (
				899FCA0929BCAC2C0051C13E /* topalbums.json */,
			);
			path = MockData;
			sourceTree = "<group>";
		};
		89B4814729BBE62100319778 /* Lottie */ = {
			isa = PBXGroup;
			children = (
				89B4814529BBE49400319778 /* now-playing.json */,
				89B4814329BBE3DF00319778 /* LottieView.swift */,
				89B4814829BBE62D00319778 /* NowPlayingIcon.swift */,
			);
			path = Lottie;
			sourceTree = "<group>";
		};
		89C837E5298C2196007E3062 /* Stats */ = {
			isa = PBXGroup;
			children = (
				897A368E298A6A7E0020AA80 /* TopArtistsResponse.swift */,
				89EBB8D1298B09AE00AAFE7A /* TopAlbumsResponse.swift */,
				89C837DB298BA637007E3062 /* TopTracksResponse.swift */,
			);
			path = Stats;
			sourceTree = "<group>";
		};
		89C837EC298C4118007E3062 /* Auth */ = {
			isa = PBXGroup;
			children = (
				89C837ED298C4124007E3062 /* GetTokenResponse.swift */,
				89C837EF298C43AF007E3062 /* GetSessionResponse.swift */,
			);
			path = Auth;
			sourceTree = "<group>";
		};
		89C837F1298C487A007E3062 /* Auth */ = {
			isa = PBXGroup;
			children = (
				89C837F2298C4882007E3062 /* LoginView.swift */,
			);
			path = Auth;
			sourceTree = "<group>";
		};
		89C837F4298D73F6007E3062 /* Stats */ = {
			isa = PBXGroup;
			children = (
				897A368B298A69AC0020AA80 /* TopArtistsView.swift */,
				89EBB8D5298B0AD800AAFE7A /* TopAlbumsView.swift */,
				89C837DD298BABDC007E3062 /* TopTracksView.swift */,
			);
			path = Stats;
			sourceTree = "<group>";
		};
		89CBA0F529BF441000A75743 /* DetailView */ = {
			isa = PBXGroup;
			children = (
				89C837F5298D7415007E3062 /* ArtistDetailView.swift */,
			);
			path = DetailView;
			sourceTree = "<group>";
		};
		89CBA0FB29BF47A100A75743 /* Frameworks */ = {
			isa = PBXGroup;
			children = (
				89CBA0FC29BF47A100A75743 /* WidgetKit.framework */,
				89CBA0FE29BF47A100A75743 /* SwiftUI.framework */,
			);
			name = Frameworks;
			sourceTree = "<group>";
		};
		89CBA10029BF47A100A75743 /* Widgets */ = {
			isa = PBXGroup;
			children = (
				890FE85929C31C30001FA70C /* Shared */,
				890FE84F29C30ACC001FA70C /* TopArtistsWidget */,
				890FE84C29C30A4D001FA70C /* AlbumGrid */,
				89CBA11129BF49E000A75743 /* TopAlbumsWidget */,
				89CBA10129BF47A100A75743 /* Widgets.swift */,
				89CBA10329BF47A100A75743 /* Widgets.intentdefinition */,
				89CBA10429BF47A300A75743 /* Assets.xcassets */,
				89CBA10629BF47A300A75743 /* Info.plist */,
				89CBA10729BF47A300A75743 /* Widgets.entitlements */,
			);
			path = Widgets;
			sourceTree = "<group>";
		};
		89CBA11129BF49E000A75743 /* TopAlbumsWidget */ = {
			isa = PBXGroup;
			children = (
				89CBA11229BF49F000A75743 /* TopAlbumsWidget.swift */,
			);
			path = TopAlbumsWidget;
			sourceTree = "<group>";
		};
		89EBB8CE298B085700AAFE7A /* Components */ = {
			isa = PBXGroup;
			children = (
				89B4814729BBE62100319778 /* Lottie */,
				89EBB8CF298B086F00AAFE7A /* Rank.swift */,
				89C837DF298BAC0F007E3062 /* ExternalImage.swift */,
				8948995529B8B6A400D0EE2B /* LongProgessView.swift */,
				8948995729B8C00700D0EE2B /* Pill.swift */,
				899D9A0829B9167800D6EFB0 /* LoadingOverlay.swift */,
				899D9A0A29B916F200D6EFB0 /* SwiftUI+Loading.swift */,
				8990661129BBED29009D3CB5 /* SwiftUI+Pointer.swift */,
				89CBA12729BF83D400A75743 /* Sequence+Async.swift */,
				8969CA0D29C21699001A6865 /* Period+Text.swift */,
			);
			path = Components;
			sourceTree = "<group>";
		};
/* End PBXGroup section */

/* Begin PBXNativeTarget section */
		897A366F298A65AB0020AA80 /* Scrobbler for Last.fm */ = {
			isa = PBXNativeTarget;
			buildConfigurationList = 897A367F298A65AB0020AA80 /* Build configuration list for PBXNativeTarget "Scrobbler for Last.fm" */;
			buildPhases = (
				897A366C298A65AB0020AA80 /* Sources */,
				897A366D298A65AB0020AA80 /* Frameworks */,
				897A366E298A65AB0020AA80 /* Resources */,
				89FE44DC29C1040000FF823B /* Embed Foundation Extensions */,
			);
			buildRules = (
			);
			dependencies = (
				89FE44DB29C1040000FF823B /* PBXTargetDependency */,
			);
			name = "Scrobbler for Last.fm";
			packageProductDependencies = (
				898A6A3D29B7E54700EC2C12 /* AlertToast */,
				89B4814129BBE3D100319778 /* Lottie */,
				89CBA12529BF83A900A75743 /* SpotifyAPI */,
				8978C0B929BF85EE00E1F4B0 /* Alamofire */,
			);
			productName = "Scrobbler for Last.fm";
			productReference = 897A3670298A65AB0020AA80 /* Scrobbler for Last.fm.app */;
			productType = "com.apple.product-type.application";
		};
		89CBA0F929BF47A100A75743 /* WidgetsExtension */ = {
			isa = PBXNativeTarget;
			buildConfigurationList = 89CBA10D29BF47A300A75743 /* Build configuration list for PBXNativeTarget "WidgetsExtension" */;
			buildPhases = (
				89CBA0F629BF47A100A75743 /* Sources */,
				89CBA0F729BF47A100A75743 /* Frameworks */,
				89CBA0F829BF47A100A75743 /* Resources */,
			);
			buildRules = (
			);
			dependencies = (
			);
			name = WidgetsExtension;
			packageProductDependencies = (
				8978C0BB29BF868F00E1F4B0 /* SpotifyAPI */,
				8978C0BD29BF868F00E1F4B0 /* Alamofire */,
			);
			productName = WidgetsExtension;
			productReference = 89CBA0FA29BF47A100A75743 /* WidgetsExtension.appex */;
			productType = "com.apple.product-type.app-extension";
		};
/* End PBXNativeTarget section */

/* Begin PBXProject section */
		897A3668298A65AB0020AA80 /* Project object */ = {
			isa = PBXProject;
			attributes = {
				BuildIndependentTargetsInParallel = 1;
				LastSwiftUpdateCheck = 1420;
				LastUpgradeCheck = 1420;
				TargetAttributes = {
					897A366F298A65AB0020AA80 = {
						CreatedOnToolsVersion = 14.2;
					};
					89CBA0F929BF47A100A75743 = {
						CreatedOnToolsVersion = 14.2;
					};
				};
			};
			buildConfigurationList = 897A366B298A65AB0020AA80 /* Build configuration list for PBXProject "Scrobbler for Last.fm" */;
			compatibilityVersion = "Xcode 14.0";
			developmentRegion = en;
			hasScannedForEncodings = 0;
			knownRegions = (
				en,
				Base,
			);
			mainGroup = 897A3667298A65AB0020AA80;
			packageReferences = (
				898A6A3C29B7E54600EC2C12 /* XCRemoteSwiftPackageReference "AlertToast" */,
				89B4814029BBE3D000319778 /* XCRemoteSwiftPackageReference "lottie-spm" */,
				89CBA12429BF83A900A75743 /* XCRemoteSwiftPackageReference "SpotifyAPI" */,
				8978C0B829BF85EE00E1F4B0 /* XCRemoteSwiftPackageReference "Alamofire" */,
			);
			productRefGroup = 897A3671298A65AB0020AA80 /* Products */;
			projectDirPath = "";
			projectRoot = "";
			targets = (
				897A366F298A65AB0020AA80 /* Scrobbler for Last.fm */,
				89CBA0F929BF47A100A75743 /* WidgetsExtension */,
			);
		};
/* End PBXProject section */

/* Begin PBXResourcesBuildPhase section */
		897A366E298A65AB0020AA80 /* Resources */ = {
			isa = PBXResourcesBuildPhase;
			buildActionMask = 2147483647;
			files = (
				897A367B298A65AB0020AA80 /* Preview Assets.xcassets in Resources */,
				899FCA0A29BCAC2C0051C13E /* topalbums.json in Resources */,
				89B4814629BBE49400319778 /* now-playing.json in Resources */,
				897A3678298A65AB0020AA80 /* Assets.xcassets in Resources */,
			);
			runOnlyForDeploymentPostprocessing = 0;
		};
		89CBA0F829BF47A100A75743 /* Resources */ = {
			isa = PBXResourcesBuildPhase;
			buildActionMask = 2147483647;
			files = (
				89CBA10529BF47A300A75743 /* Assets.xcassets in Resources */,
			);
			runOnlyForDeploymentPostprocessing = 0;
		};
/* End PBXResourcesBuildPhase section */

/* Begin PBXSourcesBuildPhase section */
		897A366C298A65AB0020AA80 /* Sources */ = {
			isa = PBXSourcesBuildPhase;
			buildActionMask = 2147483647;
			files = (
				89B4814929BBE62D00319778 /* NowPlayingIcon.swift in Sources */,
				89CBA12829BF83D400A75743 /* Sequence+Async.swift in Sources */,
				89C837DC298BA637007E3062 /* TopTracksResponse.swift in Sources */,
				89C837F8298D8FD1007E3062 /* ArtistInfoResponse.swift in Sources */,
				89C837E4298BB5F9007E3062 /* RecentTracksResponse.swift in Sources */,
				89C837EE298C4124007E3062 /* GetTokenResponse.swift in Sources */,
				89C837E7298C21A6007E3062 /* LovedTracksResponse.swift in Sources */,
				89C837E2298BB505007E3062 /* RecentTracksView.swift in Sources */,
				897A3684298A662C0020AA80 /* LastfmAPI.swift in Sources */,
				899FCA0C29BCB58E0051C13E /* CreateCollageView.swift in Sources */,
				899FCA0729BCAB200051C13E /* CollageView.swift in Sources */,
				89EBB8D6298B0AD800AAFE7A /* TopAlbumsView.swift in Sources */,
				89C837F0298C43AF007E3062 /* GetSessionResponse.swift in Sources */,
				897A3676298A65AB0020AA80 /* ContentView.swift in Sources */,
				89C837E0298BAC0F007E3062 /* ExternalImage.swift in Sources */,
				897A3674298A65AB0020AA80 /* Scrobbler_for_Last_fmApp.swift in Sources */,
				8990661229BBED29009D3CB5 /* SwiftUI+Pointer.swift in Sources */,
				8948995629B8B6A400D0EE2B /* LongProgessView.swift in Sources */,
				89EBB8D0298B086F00AAFE7A /* Rank.swift in Sources */,
				898A6A3229B78BBE00EC2C12 /* Spotify.swift in Sources */,
				899FCA0E29BCB6550051C13E /* CollageImage.swift in Sources */,
				897A368C298A69AC0020AA80 /* TopArtistsView.swift in Sources */,
				89C837DE298BABDC007E3062 /* TopTracksView.swift in Sources */,
				89B4814429BBE3DF00319778 /* LottieView.swift in Sources */,
				89EBB8D2298B09AE00AAFE7A /* TopAlbumsResponse.swift in Sources */,
				898A6A3B29B7A6C800EC2C12 /* ScrobblingAPI.swift in Sources */,
				89C837F6298D7415007E3062 /* ArtistDetailView.swift in Sources */,
				898A6A3529B78E7400EC2C12 /* SearchAlbumView.swift in Sources */,
				89C837EB298C3BA2007E3062 /* AuthController.swift in Sources */,
				89C837E9298C228D007E3062 /* LovedTracksView.swift in Sources */,
				899D9A0B29B916F200D6EFB0 /* SwiftUI+Loading.swift in Sources */,
				899D9A0929B9167800D6EFB0 /* LoadingOverlay.swift in Sources */,
				89EBB8D4298B09D900AAFE7A /* Shared.swift in Sources */,
				898A6A3929B797DA00EC2C12 /* SpotifyAlbumView.swift in Sources */,
				8969CA0E29C21699001A6865 /* Period+Text.swift in Sources */,
				89C837F3298C4882007E3062 /* LoginView.swift in Sources */,
				8948995829B8C00700D0EE2B /* Pill.swift in Sources */,
				8969C9E929C1EC86001A6865 /* Widgets.intentdefinition in Sources */,
				897A368F298A6A7E0020AA80 /* TopArtistsResponse.swift in Sources */,
			);
			runOnlyForDeploymentPostprocessing = 0;
		};
		89CBA0F629BF47A100A75743 /* Sources */ = {
			isa = PBXSourcesBuildPhase;
			buildActionMask = 2147483647;
			files = (
				890FE85829C30F9E001FA70C /* TopArtistsMediumWidgetView.swift in Sources */,
				890FE85629C30EF0001FA70C /* TopArtistsSmallWidgetView.swift in Sources */,
				89CBA11629BF4BA500A75743 /* GetTokenResponse.swift in Sources */,
				89CBA11C29BF4BA500A75743 /* LovedTracksResponse.swift in Sources */,
				89CBA10829BF47A300A75743 /* Widgets.intentdefinition in Sources */,
				89CBA11429BF4B7400A75743 /* AuthController.swift in Sources */,
				890FE85029C30D6E001FA70C /* AlbumGridWidget.swift in Sources */,
				89CBA10229BF47A100A75743 /* Widgets.swift in Sources */,
				89CBA11E29BF4BA500A75743 /* CollageImage.swift in Sources */,
				89CBA12929BF83D400A75743 /* Sequence+Async.swift in Sources */,
				8969CA0F29C2170F001A6865 /* Period+Text.swift in Sources */,
				89CBA11F29BF4BA500A75743 /* TopTracksResponse.swift in Sources */,
				89CBA11A29BF4BA500A75743 /* RecentTracksResponse.swift in Sources */,
				89CBA11D29BF4BA500A75743 /* Shared.swift in Sources */,
				89CBA11B29BF4BA500A75743 /* ArtistInfoResponse.swift in Sources */,
				89CBA12129BF825300A75743 /* TopAlbumsWidget.swift in Sources */,
				890FE85329C30ED2001FA70C /* TopArtistsWidget.swift in Sources */,
				89CBA11729BF4BA500A75743 /* TopAlbumsResponse.swift in Sources */,
				89CBA11529BF4B7900A75743 /* LastfmAPI.swift in Sources */,
				890FE85D29C31C41001FA70C /* LargeGridWidget.swift in Sources */,
				89CBA12229BF833A00A75743 /* ScrobblingAPI.swift in Sources */,
				89CBA11829BF4BA500A75743 /* GetSessionResponse.swift in Sources */,
				890FE85B29C31C39001FA70C /* MediumGridWidget.swift in Sources */,
				89CBA11929BF4BA500A75743 /* TopArtistsResponse.swift in Sources */,
			);
			runOnlyForDeploymentPostprocessing = 0;
		};
/* End PBXSourcesBuildPhase section */

/* Begin PBXTargetDependency section */
		89FE44DB29C1040000FF823B /* PBXTargetDependency */ = {
			isa = PBXTargetDependency;
			target = 89CBA0F929BF47A100A75743 /* WidgetsExtension */;
			targetProxy = 89FE44DA29C1040000FF823B /* PBXContainerItemProxy */;
		};
/* End PBXTargetDependency section */

/* Begin XCBuildConfiguration section */
		897A367D298A65AB0020AA80 /* Debug */ = {
			isa = XCBuildConfiguration;
			baseConfigurationReference = 897A3688298A66FC0020AA80 /* Config.xcconfig */;
			buildSettings = {
				ALWAYS_SEARCH_USER_PATHS = NO;
				CLANG_ANALYZER_NONNULL = YES;
				CLANG_ANALYZER_NUMBER_OBJECT_CONVERSION = YES_AGGRESSIVE;
				CLANG_CXX_LANGUAGE_STANDARD = "gnu++20";
				CLANG_ENABLE_MODULES = YES;
				CLANG_ENABLE_OBJC_ARC = YES;
				CLANG_ENABLE_OBJC_WEAK = YES;
				CLANG_WARN_BLOCK_CAPTURE_AUTORELEASING = YES;
				CLANG_WARN_BOOL_CONVERSION = YES;
				CLANG_WARN_COMMA = YES;
				CLANG_WARN_CONSTANT_CONVERSION = YES;
				CLANG_WARN_DEPRECATED_OBJC_IMPLEMENTATIONS = YES;
				CLANG_WARN_DIRECT_OBJC_ISA_USAGE = YES_ERROR;
				CLANG_WARN_DOCUMENTATION_COMMENTS = YES;
				CLANG_WARN_EMPTY_BODY = YES;
				CLANG_WARN_ENUM_CONVERSION = YES;
				CLANG_WARN_INFINITE_RECURSION = YES;
				CLANG_WARN_INT_CONVERSION = YES;
				CLANG_WARN_NON_LITERAL_NULL_CONVERSION = YES;
				CLANG_WARN_OBJC_IMPLICIT_RETAIN_SELF = YES;
				CLANG_WARN_OBJC_LITERAL_CONVERSION = YES;
				CLANG_WARN_OBJC_ROOT_CLASS = YES_ERROR;
				CLANG_WARN_QUOTED_INCLUDE_IN_FRAMEWORK_HEADER = YES;
				CLANG_WARN_RANGE_LOOP_ANALYSIS = YES;
				CLANG_WARN_STRICT_PROTOTYPES = YES;
				CLANG_WARN_SUSPICIOUS_MOVE = YES;
				CLANG_WARN_UNGUARDED_AVAILABILITY = YES_AGGRESSIVE;
				CLANG_WARN_UNREACHABLE_CODE = YES;
				CLANG_WARN__DUPLICATE_METHOD_MATCH = YES;
				COPY_PHASE_STRIP = NO;
				DEBUG_INFORMATION_FORMAT = dwarf;
				ENABLE_STRICT_OBJC_MSGSEND = YES;
				ENABLE_TESTABILITY = YES;
				GCC_C_LANGUAGE_STANDARD = gnu11;
				GCC_DYNAMIC_NO_PIC = NO;
				GCC_NO_COMMON_BLOCKS = YES;
				GCC_OPTIMIZATION_LEVEL = 0;
				GCC_PREPROCESSOR_DEFINITIONS = (
					"DEBUG=1",
					"$(inherited)",
				);
				GCC_WARN_64_TO_32_BIT_CONVERSION = YES;
				GCC_WARN_ABOUT_RETURN_TYPE = YES_ERROR;
				GCC_WARN_UNDECLARED_SELECTOR = YES;
				GCC_WARN_UNINITIALIZED_AUTOS = YES_AGGRESSIVE;
				GCC_WARN_UNUSED_FUNCTION = YES;
				GCC_WARN_UNUSED_VARIABLE = YES;
				MACOSX_DEPLOYMENT_TARGET = 13.0;
				MTL_ENABLE_DEBUG_INFO = INCLUDE_SOURCE;
				MTL_FAST_MATH = YES;
				ONLY_ACTIVE_ARCH = YES;
				SDKROOT = macosx;
				SWIFT_ACTIVE_COMPILATION_CONDITIONS = DEBUG;
				SWIFT_OPTIMIZATION_LEVEL = "-Onone";
			};
			name = Debug;
		};
		897A367E298A65AB0020AA80 /* Release */ = {
			isa = XCBuildConfiguration;
			baseConfigurationReference = 897A3688298A66FC0020AA80 /* Config.xcconfig */;
			buildSettings = {
				ALWAYS_SEARCH_USER_PATHS = NO;
				CLANG_ANALYZER_NONNULL = YES;
				CLANG_ANALYZER_NUMBER_OBJECT_CONVERSION = YES_AGGRESSIVE;
				CLANG_CXX_LANGUAGE_STANDARD = "gnu++20";
				CLANG_ENABLE_MODULES = YES;
				CLANG_ENABLE_OBJC_ARC = YES;
				CLANG_ENABLE_OBJC_WEAK = YES;
				CLANG_WARN_BLOCK_CAPTURE_AUTORELEASING = YES;
				CLANG_WARN_BOOL_CONVERSION = YES;
				CLANG_WARN_COMMA = YES;
				CLANG_WARN_CONSTANT_CONVERSION = YES;
				CLANG_WARN_DEPRECATED_OBJC_IMPLEMENTATIONS = YES;
				CLANG_WARN_DIRECT_OBJC_ISA_USAGE = YES_ERROR;
				CLANG_WARN_DOCUMENTATION_COMMENTS = YES;
				CLANG_WARN_EMPTY_BODY = YES;
				CLANG_WARN_ENUM_CONVERSION = YES;
				CLANG_WARN_INFINITE_RECURSION = YES;
				CLANG_WARN_INT_CONVERSION = YES;
				CLANG_WARN_NON_LITERAL_NULL_CONVERSION = YES;
				CLANG_WARN_OBJC_IMPLICIT_RETAIN_SELF = YES;
				CLANG_WARN_OBJC_LITERAL_CONVERSION = YES;
				CLANG_WARN_OBJC_ROOT_CLASS = YES_ERROR;
				CLANG_WARN_QUOTED_INCLUDE_IN_FRAMEWORK_HEADER = YES;
				CLANG_WARN_RANGE_LOOP_ANALYSIS = YES;
				CLANG_WARN_STRICT_PROTOTYPES = YES;
				CLANG_WARN_SUSPICIOUS_MOVE = YES;
				CLANG_WARN_UNGUARDED_AVAILABILITY = YES_AGGRESSIVE;
				CLANG_WARN_UNREACHABLE_CODE = YES;
				CLANG_WARN__DUPLICATE_METHOD_MATCH = YES;
				COPY_PHASE_STRIP = NO;
				DEBUG_INFORMATION_FORMAT = "dwarf-with-dsym";
				ENABLE_NS_ASSERTIONS = NO;
				ENABLE_STRICT_OBJC_MSGSEND = YES;
				GCC_C_LANGUAGE_STANDARD = gnu11;
				GCC_NO_COMMON_BLOCKS = YES;
				GCC_WARN_64_TO_32_BIT_CONVERSION = YES;
				GCC_WARN_ABOUT_RETURN_TYPE = YES_ERROR;
				GCC_WARN_UNDECLARED_SELECTOR = YES;
				GCC_WARN_UNINITIALIZED_AUTOS = YES_AGGRESSIVE;
				GCC_WARN_UNUSED_FUNCTION = YES;
				GCC_WARN_UNUSED_VARIABLE = YES;
				MACOSX_DEPLOYMENT_TARGET = 13.0;
				MTL_ENABLE_DEBUG_INFO = NO;
				MTL_FAST_MATH = YES;
				SDKROOT = macosx;
				SWIFT_COMPILATION_MODE = wholemodule;
				SWIFT_OPTIMIZATION_LEVEL = "-O";
			};
			name = Release;
		};
		897A3680298A65AB0020AA80 /* Debug */ = {
			isa = XCBuildConfiguration;
			buildSettings = {
				ASSETCATALOG_COMPILER_APPICON_NAME = AppIcon;
				ASSETCATALOG_COMPILER_GLOBAL_ACCENT_COLOR_NAME = AccentColor;
				CODE_SIGN_ENTITLEMENTS = "Scrobbler for Last.fm/Scrobbler_for_Last_fm.entitlements";
				CODE_SIGN_STYLE = Automatic;
				COMBINE_HIDPI_IMAGES = YES;
				CURRENT_PROJECT_VERSION = 3;
				DEVELOPMENT_ASSET_PATHS = "\"Scrobbler for Last.fm/Preview Content\"";
				DEVELOPMENT_TEAM = C4HKS39B24;
				ENABLE_HARDENED_RUNTIME = YES;
				ENABLE_PREVIEWS = YES;
				GENERATE_INFOPLIST_FILE = YES;
				INFOPLIST_FILE = "Scrobbler-for-Last-fm-Info.plist";
				INFOPLIST_KEY_LSApplicationCategoryType = "public.app-category.music";
				INFOPLIST_KEY_NSHumanReadableCopyright = "";
				LD_RUNPATH_SEARCH_PATHS = (
					"$(inherited)",
					"@executable_path/../Frameworks",
				);
				MACOSX_DEPLOYMENT_TARGET = 13.0;
				MARKETING_VERSION = 0.3;
				PRODUCT_BUNDLE_IDENTIFIER = "nl.wissehes.Scrobbler-for-Last-fm";
				PRODUCT_NAME = "$(TARGET_NAME)";
				SWIFT_EMIT_LOC_STRINGS = YES;
				SWIFT_VERSION = 5.0;
			};
			name = Debug;
		};
		897A3681298A65AB0020AA80 /* Release */ = {
			isa = XCBuildConfiguration;
			buildSettings = {
				ASSETCATALOG_COMPILER_APPICON_NAME = AppIcon;
				ASSETCATALOG_COMPILER_GLOBAL_ACCENT_COLOR_NAME = AccentColor;
				CODE_SIGN_ENTITLEMENTS = "Scrobbler for Last.fm/Scrobbler_for_Last_fm.entitlements";
				CODE_SIGN_STYLE = Automatic;
				COMBINE_HIDPI_IMAGES = YES;
				CURRENT_PROJECT_VERSION = 3;
				DEVELOPMENT_ASSET_PATHS = "\"Scrobbler for Last.fm/Preview Content\"";
				DEVELOPMENT_TEAM = C4HKS39B24;
				ENABLE_HARDENED_RUNTIME = YES;
				ENABLE_PREVIEWS = YES;
				GENERATE_INFOPLIST_FILE = YES;
				INFOPLIST_FILE = "Scrobbler-for-Last-fm-Info.plist";
				INFOPLIST_KEY_LSApplicationCategoryType = "public.app-category.music";
				INFOPLIST_KEY_NSHumanReadableCopyright = "";
				LD_RUNPATH_SEARCH_PATHS = (
					"$(inherited)",
					"@executable_path/../Frameworks",
				);
				MACOSX_DEPLOYMENT_TARGET = 13.0;
				MARKETING_VERSION = 0.3;
				PRODUCT_BUNDLE_IDENTIFIER = "nl.wissehes.Scrobbler-for-Last-fm";
				PRODUCT_NAME = "$(TARGET_NAME)";
				SWIFT_EMIT_LOC_STRINGS = YES;
				SWIFT_VERSION = 5.0;
			};
			name = Release;
		};
		89CBA10E29BF47A300A75743 /* Debug */ = {
			isa = XCBuildConfiguration;
			buildSettings = {
				ASSETCATALOG_COMPILER_GLOBAL_ACCENT_COLOR_NAME = AccentColor;
				ASSETCATALOG_COMPILER_WIDGET_BACKGROUND_COLOR_NAME = WidgetBackground;
				CODE_SIGN_ENTITLEMENTS = Widgets/Widgets.entitlements;
				"CODE_SIGN_IDENTITY[sdk=macosx*]" = "Apple Development";
				CODE_SIGN_STYLE = Automatic;
				CURRENT_PROJECT_VERSION = 3;
				DEVELOPMENT_TEAM = C4HKS39B24;
				ENABLE_HARDENED_RUNTIME = YES;
				GENERATE_INFOPLIST_FILE = YES;
				INFOPLIST_FILE = Widgets/Info.plist;
				INFOPLIST_KEY_CFBundleDisplayName = Widgets;
				INFOPLIST_KEY_NSHumanReadableCopyright = "";
				LD_RUNPATH_SEARCH_PATHS = (
					"$(inherited)",
					"@executable_path/../Frameworks",
					"@executable_path/../../../../Frameworks",
				);
				MACOSX_DEPLOYMENT_TARGET = 13.0;
				MARKETING_VERSION = 0.3;
				PRODUCT_BUNDLE_IDENTIFIER = "nl.wissehes.Scrobbler-for-Last-fm.Widgets";
				PRODUCT_NAME = "$(TARGET_NAME)";
				SKIP_INSTALL = YES;
				SWIFT_EMIT_LOC_STRINGS = YES;
				SWIFT_VERSION = 5.0;
			};
			name = Debug;
		};
		89CBA10F29BF47A300A75743 /* Release */ = {
			isa = XCBuildConfiguration;
			buildSettings = {
				ASSETCATALOG_COMPILER_GLOBAL_ACCENT_COLOR_NAME = AccentColor;
				ASSETCATALOG_COMPILER_WIDGET_BACKGROUND_COLOR_NAME = WidgetBackground;
				CODE_SIGN_ENTITLEMENTS = Widgets/Widgets.entitlements;
				"CODE_SIGN_IDENTITY[sdk=macosx*]" = "Apple Development";
				CODE_SIGN_STYLE = Automatic;
				CURRENT_PROJECT_VERSION = 3;
				DEVELOPMENT_TEAM = C4HKS39B24;
				ENABLE_HARDENED_RUNTIME = YES;
				GENERATE_INFOPLIST_FILE = YES;
				INFOPLIST_FILE = Widgets/Info.plist;
				INFOPLIST_KEY_CFBundleDisplayName = Widgets;
				INFOPLIST_KEY_NSHumanReadableCopyright = "";
				LD_RUNPATH_SEARCH_PATHS = (
					"$(inherited)",
					"@executable_path/../Frameworks",
					"@executable_path/../../../../Frameworks",
				);
				MACOSX_DEPLOYMENT_TARGET = 13.0;
				MARKETING_VERSION = 0.3;
				PRODUCT_BUNDLE_IDENTIFIER = "nl.wissehes.Scrobbler-for-Last-fm.Widgets";
				PRODUCT_NAME = "$(TARGET_NAME)";
				SKIP_INSTALL = YES;
				SWIFT_EMIT_LOC_STRINGS = YES;
				SWIFT_VERSION = 5.0;
			};
			name = Release;
		};
/* End XCBuildConfiguration section */

/* Begin XCConfigurationList section */
		897A366B298A65AB0020AA80 /* Build configuration list for PBXProject "Scrobbler for Last.fm" */ = {
			isa = XCConfigurationList;
			buildConfigurations = (
				897A367D298A65AB0020AA80 /* Debug */,
				897A367E298A65AB0020AA80 /* Release */,
			);
			defaultConfigurationIsVisible = 0;
			defaultConfigurationName = Release;
		};
		897A367F298A65AB0020AA80 /* Build configuration list for PBXNativeTarget "Scrobbler for Last.fm" */ = {
			isa = XCConfigurationList;
			buildConfigurations = (
				897A3680298A65AB0020AA80 /* Debug */,
				897A3681298A65AB0020AA80 /* Release */,
			);
			defaultConfigurationIsVisible = 0;
			defaultConfigurationName = Release;
		};
		89CBA10D29BF47A300A75743 /* Build configuration list for PBXNativeTarget "WidgetsExtension" */ = {
			isa = XCConfigurationList;
			buildConfigurations = (
				89CBA10E29BF47A300A75743 /* Debug */,
				89CBA10F29BF47A300A75743 /* Release */,
			);
			defaultConfigurationIsVisible = 0;
			defaultConfigurationName = Release;
		};
/* End XCConfigurationList section */

/* Begin XCRemoteSwiftPackageReference section */
		8978C0B829BF85EE00E1F4B0 /* XCRemoteSwiftPackageReference "Alamofire" */ = {
			isa = XCRemoteSwiftPackageReference;
			repositoryURL = "https://github.com/Alamofire/Alamofire";
			requirement = {
				kind = upToNextMajorVersion;
				minimumVersion = 5.0.0;
			};
		};
		898A6A3C29B7E54600EC2C12 /* XCRemoteSwiftPackageReference "AlertToast" */ = {
			isa = XCRemoteSwiftPackageReference;
			repositoryURL = "https://github.com/elai950/AlertToast";
			requirement = {
				branch = master;
				kind = branch;
			};
		};
		89B4814029BBE3D000319778 /* XCRemoteSwiftPackageReference "lottie-spm" */ = {
			isa = XCRemoteSwiftPackageReference;
			repositoryURL = "https://github.com/airbnb/lottie-spm";
			requirement = {
				kind = exactVersion;
				version = 4.1.3;
			};
		};
		89CBA12429BF83A900A75743 /* XCRemoteSwiftPackageReference "SpotifyAPI" */ = {
			isa = XCRemoteSwiftPackageReference;
			repositoryURL = "https://github.com/Peter-Schorn/SpotifyAPI.git";
			requirement = {
				kind = exactVersion;
				version = 2.2.2;
			};
		};
/* End XCRemoteSwiftPackageReference section */

/* Begin XCSwiftPackageProductDependency section */
		8978C0B929BF85EE00E1F4B0 /* Alamofire */ = {
			isa = XCSwiftPackageProductDependency;
			package = 8978C0B829BF85EE00E1F4B0 /* XCRemoteSwiftPackageReference "Alamofire" */;
			productName = Alamofire;
		};
		8978C0BB29BF868F00E1F4B0 /* SpotifyAPI */ = {
			isa = XCSwiftPackageProductDependency;
			package = 89CBA12429BF83A900A75743 /* XCRemoteSwiftPackageReference "SpotifyAPI" */;
			productName = SpotifyAPI;
		};
		8978C0BD29BF868F00E1F4B0 /* Alamofire */ = {
			isa = XCSwiftPackageProductDependency;
			package = 8978C0B829BF85EE00E1F4B0 /* XCRemoteSwiftPackageReference "Alamofire" */;
			productName = Alamofire;
		};
		898A6A3D29B7E54700EC2C12 /* AlertToast */ = {
			isa = XCSwiftPackageProductDependency;
			package = 898A6A3C29B7E54600EC2C12 /* XCRemoteSwiftPackageReference "AlertToast" */;
			productName = AlertToast;
		};
		89B4814129BBE3D100319778 /* Lottie */ = {
			isa = XCSwiftPackageProductDependency;
			package = 89B4814029BBE3D000319778 /* XCRemoteSwiftPackageReference "lottie-spm" */;
			productName = Lottie;
		};
		89CBA12529BF83A900A75743 /* SpotifyAPI */ = {
			isa = XCSwiftPackageProductDependency;
			package = 89CBA12429BF83A900A75743 /* XCRemoteSwiftPackageReference "SpotifyAPI" */;
			productName = SpotifyAPI;
		};
/* End XCSwiftPackageProductDependency section */
	};
	rootObject = 897A3668298A65AB0020AA80 /* Project object */;
}
